
Microsoft Visual Studio Solution File, Format Version 12.00
# Visual Studio Version 16
Project("{2150E333-8FDC-42A3-9474-1A3956D46DE8}") = "CMakePredefinedTargets", "CMakePredefinedTargets", "{6941086F-B982-3D24-A7D2-95CD0C70D5A7}"
EndProject
Project("{2150E333-8FDC-42A3-9474-1A3956D46DE8}") = "PhysX SDK", "PhysX SDK", "{C4F05BB2-4EAE-3895-98E9-DB89EDE2EBD2}"
EndProject
Project("{2150E333-8FDC-42A3-9474-1A3956D46DE8}") = "PhysX Samples", "PhysX Samples", "{6BC1EF4A-F774-38CA-839C-E6026D6BAEA7}"
EndProject
Project("{2150E333-8FDC-42A3-9474-1A3956D46DE8}") = "Libraries only", "PhysX Samples\Libraries only", "{A96C10CF-9029-37B7-8714-BF2A12C80E34}"
EndProject
Project("{8BC9CEB8-8B4A-11D0-8D11-00A0C91BC942}") = "ALL_BUILD", "ALL_BUILD.vcxproj", "{05CDFB46-A3C7-3DDC-A144-46AD8589376B}"
	ProjectSection(ProjectDependencies) = postProject
		{05C42A2C-D7B4-35B8-99FD-2528C03F5D00} = {05C42A2C-D7B4-35B8-99FD-2528C03F5D00}
		{955DCBC6-5C61-331A-AE53-8B1AB41693CE} = {955DCBC6-5C61-331A-AE53-8B1AB41693CE}
		{901CAADE-01E6-3792-80EE-2C6BA036ED9D} = {901CAADE-01E6-3792-80EE-2C6BA036ED9D}
		{E2D619E6-96AA-3FAF-9275-6E6A9D63BCEC} = {E2D619E6-96AA-3FAF-9275-6E6A9D63BCEC}
		{28E2DFF2-BE06-345C-9493-01E3E2A4D6B1} = {28E2DFF2-BE06-345C-9493-01E3E2A4D6B1}
		{55E8DBDE-97AE-307C-ABB0-77AFACD84C7D} = {55E8DBDE-97AE-307C-ABB0-77AFACD84C7D}
		{0616B291-C2EB-3BFB-BFC4-E2FBD18E14A4} = {0616B291-C2EB-3BFB-BFC4-E2FBD18E14A4}
	EndProjectSection
EndProject
Project("{8BC9CEB8-8B4A-11D0-8D11-00A0C91BC942}") = "FastXml", "..\sdk_source_bin\FastXml.vcxproj", "{828FDBE2-9BEC-3F30-914F-4BD13FC35FDB}"
	ProjectSection(ProjectDependencies) = postProject
		{0616B291-C2EB-3BFB-BFC4-E2FBD18E14A4} = {0616B291-C2EB-3BFB-BFC4-E2FBD18E14A4}
	EndProjectSection
EndProject
Project("{8BC9CEB8-8B4A-11D0-8D11-00A0C91BC942}") = "INSTALL", "INSTALL.vcxproj", "{FF6DE05E-9A31-39A8-99F9-7B11B7BF3253}"
	ProjectSection(ProjectDependencies) = postProject
		{05CDFB46-A3C7-3DDC-A144-46AD8589376B} = {05CDFB46-A3C7-3DDC-A144-46AD8589376B}
		{0616B291-C2EB-3BFB-BFC4-E2FBD18E14A4} = {0616B291-C2EB-3BFB-BFC4-E2FBD18E14A4}
	EndProjectSection
EndProject
Project("{8BC9CEB8-8B4A-11D0-8D11-00A0C91BC942}") = "LowLevel", "..\sdk_source_bin\LowLevel.vcxproj", "{D1974C46-7BB9-3773-AD2E-8E242FF50486}"
	ProjectSection(ProjectDependencies) = postProject
		{0616B291-C2EB-3BFB-BFC4-E2FBD18E14A4} = {0616B291-C2EB-3BFB-BFC4-E2FBD18E14A4}
	EndProjectSection
EndProject
Project("{8BC9CEB8-8B4A-11D0-8D11-00A0C91BC942}") = "LowLevelAABB", "..\sdk_source_bin\LowLevelAABB.vcxproj", "{DD6F897A-3E42-37D9-AFD9-F116C881A6C9}"
	ProjectSection(ProjectDependencies) = postProject
		{0616B291-C2EB-3BFB-BFC4-E2FBD18E14A4} = {0616B291-C2EB-3BFB-BFC4-E2FBD18E14A4}
	EndProjectSection
EndProject
Project("{8BC9CEB8-8B4A-11D0-8D11-00A0C91BC942}") = "LowLevelDynamics", "..\sdk_source_bin\LowLevelDynamics.vcxproj", "{FB63A523-9225-3561-91AB-AA4CA4A0D7BB}"
	ProjectSection(ProjectDependencies) = postProject
		{0616B291-C2EB-3BFB-BFC4-E2FBD18E14A4} = {0616B291-C2EB-3BFB-BFC4-E2FBD18E14A4}
	EndProjectSection
EndProject
Project("{8BC9CEB8-8B4A-11D0-8D11-00A0C91BC942}") = "PhysX", "..\sdk_source_bin\PhysX.vcxproj", "{6F1CAFEB-D547-3263-A13E-55205ABE6376}"
	ProjectSection(ProjectDependencies) = postProject
		{D1974C46-7BB9-3773-AD2E-8E242FF50486} = {D1974C46-7BB9-3773-AD2E-8E242FF50486}
		{DD6F897A-3E42-37D9-AFD9-F116C881A6C9} = {DD6F897A-3E42-37D9-AFD9-F116C881A6C9}
		{FB63A523-9225-3561-91AB-AA4CA4A0D7BB} = {FB63A523-9225-3561-91AB-AA4CA4A0D7BB}
		{8FD8A75D-C388-3BDD-A711-72F28B4A4987} = {8FD8A75D-C388-3BDD-A711-72F28B4A4987}
		{75DB9132-7EDB-3C6F-A1D9-B48923A31B63} = {75DB9132-7EDB-3C6F-A1D9-B48923A31B63}
		{9AD11DAE-6A51-325C-91E0-74CE67FE318A} = {9AD11DAE-6A51-325C-91E0-74CE67FE318A}
		{685782C5-D705-367B-A90B-486917457FD3} = {685782C5-D705-367B-A90B-486917457FD3}
		{821D7FCD-1092-3E34-A4B5-0BE8208D6239} = {821D7FCD-1092-3E34-A4B5-0BE8208D6239}
		{6E5306CD-A4BD-3E60-AB25-BF5DCE29D904} = {6E5306CD-A4BD-3E60-AB25-BF5DCE29D904}
		{0616B291-C2EB-3BFB-BFC4-E2FBD18E14A4} = {0616B291-C2EB-3BFB-BFC4-E2FBD18E14A4}
	EndProjectSection
EndProject
Project("{8BC9CEB8-8B4A-11D0-8D11-00A0C91BC942}") = "PhysXCharacterKinematic", "..\sdk_source_bin\PhysXCharacterKinematic.vcxproj", "{4B9EEBF5-F6ED-3529-998F-332E25A535F3}"
	ProjectSection(ProjectDependencies) = postProject
		{75DB9132-7EDB-3C6F-A1D9-B48923A31B63} = {75DB9132-7EDB-3C6F-A1D9-B48923A31B63}
		{0616B291-C2EB-3BFB-BFC4-E2FBD18E14A4} = {0616B291-C2EB-3BFB-BFC4-E2FBD18E14A4}
	EndProjectSection
EndProject
Project("{8BC9CEB8-8B4A-11D0-8D11-00A0C91BC942}") = "PhysXCommon", "..\sdk_source_bin\PhysXCommon.vcxproj", "{8FD8A75D-C388-3BDD-A711-72F28B4A4987}"
	ProjectSection(ProjectDependencies) = postProject
		{75DB9132-7EDB-3C6F-A1D9-B48923A31B63} = {75DB9132-7EDB-3C6F-A1D9-B48923A31B63}
		{0616B291-C2EB-3BFB-BFC4-E2FBD18E14A4} = {0616B291-C2EB-3BFB-BFC4-E2FBD18E14A4}
	EndProjectSection
EndProject
Project("{8BC9CEB8-8B4A-11D0-8D11-00A0C91BC942}") = "PhysXCooking", "..\sdk_source_bin\PhysXCooking.vcxproj", "{6F96FDE4-A271-3A18-81F8-96525DDEEA82}"
	ProjectSection(ProjectDependencies) = postProject
		{8FD8A75D-C388-3BDD-A711-72F28B4A4987} = {8FD8A75D-C388-3BDD-A711-72F28B4A4987}
		{75DB9132-7EDB-3C6F-A1D9-B48923A31B63} = {75DB9132-7EDB-3C6F-A1D9-B48923A31B63}
		{0616B291-C2EB-3BFB-BFC4-E2FBD18E14A4} = {0616B291-C2EB-3BFB-BFC4-E2FBD18E14A4}
	EndProjectSection
EndProject
Project("{8BC9CEB8-8B4A-11D0-8D11-00A0C91BC942}") = "PhysXExtensions", "..\sdk_source_bin\PhysXExtensions.vcxproj", "{1A074A13-F640-3F57-8A6B-75F3861A0126}"
	ProjectSection(ProjectDependencies) = postProject
		{828FDBE2-9BEC-3F30-914F-4BD13FC35FDB} = {828FDBE2-9BEC-3F30-914F-4BD13FC35FDB}
		{6F1CAFEB-D547-3263-A13E-55205ABE6376} = {6F1CAFEB-D547-3263-A13E-55205ABE6376}
		{75DB9132-7EDB-3C6F-A1D9-B48923A31B63} = {75DB9132-7EDB-3C6F-A1D9-B48923A31B63}
		{9AD11DAE-6A51-325C-91E0-74CE67FE318A} = {9AD11DAE-6A51-325C-91E0-74CE67FE318A}
		{0616B291-C2EB-3BFB-BFC4-E2FBD18E14A4} = {0616B291-C2EB-3BFB-BFC4-E2FBD18E14A4}
	EndProjectSection
EndProject
Project("{8BC9CEB8-8B4A-11D0-8D11-00A0C91BC942}") = "PhysXFoundation", "..\sdk_source_bin\PhysXFoundation.vcxproj", "{75DB9132-7EDB-3C6F-A1D9-B48923A31B63}"
	ProjectSection(ProjectDependencies) = postProject
		{0616B291-C2EB-3BFB-BFC4-E2FBD18E14A4} = {0616B291-C2EB-3BFB-BFC4-E2FBD18E14A4}
	EndProjectSection
EndProject
Project("{8BC9CEB8-8B4A-11D0-8D11-00A0C91BC942}") = "PhysXPvdSDK", "..\sdk_source_bin\PhysXPvdSDK.vcxproj", "{9AD11DAE-6A51-325C-91E0-74CE67FE318A}"
	ProjectSection(ProjectDependencies) = postProject
		{75DB9132-7EDB-3C6F-A1D9-B48923A31B63} = {75DB9132-7EDB-3C6F-A1D9-B48923A31B63}
		{0616B291-C2EB-3BFB-BFC4-E2FBD18E14A4} = {0616B291-C2EB-3BFB-BFC4-E2FBD18E14A4}
	EndProjectSection
EndProject
Project("{8BC9CEB8-8B4A-11D0-8D11-00A0C91BC942}") = "PhysXTask", "..\sdk_source_bin\PhysXTask.vcxproj", "{685782C5-D705-367B-A90B-486917457FD3}"
	ProjectSection(ProjectDependencies) = postProject
		{0616B291-C2EB-3BFB-BFC4-E2FBD18E14A4} = {0616B291-C2EB-3BFB-BFC4-E2FBD18E14A4}
	EndProjectSection
EndProject
Project("{8BC9CEB8-8B4A-11D0-8D11-00A0C91BC942}") = "PhysXVehicle", "..\sdk_source_bin\PhysXVehicle.vcxproj", "{4C4EE59F-999B-36BA-8587-CCA764D365FB}"
	ProjectSection(ProjectDependencies) = postProject
		{75DB9132-7EDB-3C6F-A1D9-B48923A31B63} = {75DB9132-7EDB-3C6F-A1D9-B48923A31B63}
		{9AD11DAE-6A51-325C-91E0-74CE67FE318A} = {9AD11DAE-6A51-325C-91E0-74CE67FE318A}
		{0616B291-C2EB-3BFB-BFC4-E2FBD18E14A4} = {0616B291-C2EB-3BFB-BFC4-E2FBD18E14A4}
	EndProjectSection
EndProject
Project("{8BC9CEB8-8B4A-11D0-8D11-00A0C91BC942}") = "SampleBase", "SampleBase.vcxproj", "{05C42A2C-D7B4-35B8-99FD-2528C03F5D00}"
	ProjectSection(ProjectDependencies) = postProject
		{6F1CAFEB-D547-3263-A13E-55205ABE6376} = {6F1CAFEB-D547-3263-A13E-55205ABE6376}
		{1A074A13-F640-3F57-8A6B-75F3861A0126} = {1A074A13-F640-3F57-8A6B-75F3861A0126}
		{75DB9132-7EDB-3C6F-A1D9-B48923A31B63} = {75DB9132-7EDB-3C6F-A1D9-B48923A31B63}
		{9AD11DAE-6A51-325C-91E0-74CE67FE318A} = {9AD11DAE-6A51-325C-91E0-74CE67FE318A}
		{28E2DFF2-BE06-345C-9493-01E3E2A4D6B1} = {28E2DFF2-BE06-345C-9493-01E3E2A4D6B1}
		{0616B291-C2EB-3BFB-BFC4-E2FBD18E14A4} = {0616B291-C2EB-3BFB-BFC4-E2FBD18E14A4}
	EndProjectSection
EndProject
Project("{8BC9CEB8-8B4A-11D0-8D11-00A0C91BC942}") = "SampleFramework", "SampleFramework.vcxproj", "{955DCBC6-5C61-331A-AE53-8B1AB41693CE}"
	ProjectSection(ProjectDependencies) = postProject
		{6F1CAFEB-D547-3263-A13E-55205ABE6376} = {6F1CAFEB-D547-3263-A13E-55205ABE6376}
		{1A074A13-F640-3F57-8A6B-75F3861A0126} = {1A074A13-F640-3F57-8A6B-75F3861A0126}
		{75DB9132-7EDB-3C6F-A1D9-B48923A31B63} = {75DB9132-7EDB-3C6F-A1D9-B48923A31B63}
		{9AD11DAE-6A51-325C-91E0-74CE67FE318A} = {9AD11DAE-6A51-325C-91E0-74CE67FE318A}
		{28E2DFF2-BE06-345C-9493-01E3E2A4D6B1} = {28E2DFF2-BE06-345C-9493-01E3E2A4D6B1}
		{0616B291-C2EB-3BFB-BFC4-E2FBD18E14A4} = {0616B291-C2EB-3BFB-BFC4-E2FBD18E14A4}
	EndProjectSection
EndProject
Project("{8BC9CEB8-8B4A-11D0-8D11-00A0C91BC942}") = "SamplePlatform", "SamplePlatform.vcxproj", "{901CAADE-01E6-3792-80EE-2C6BA036ED9D}"
	ProjectSection(ProjectDependencies) = postProject
		{6F1CAFEB-D547-3263-A13E-55205ABE6376} = {6F1CAFEB-D547-3263-A13E-55205ABE6376}
		{1A074A13-F640-3F57-8A6B-75F3861A0126} = {1A074A13-F640-3F57-8A6B-75F3861A0126}
		{75DB9132-7EDB-3C6F-A1D9-B48923A31B63} = {75DB9132-7EDB-3C6F-A1D9-B48923A31B63}
		{9AD11DAE-6A51-325C-91E0-74CE67FE318A} = {9AD11DAE-6A51-325C-91E0-74CE67FE318A}
		{28E2DFF2-BE06-345C-9493-01E3E2A4D6B1} = {28E2DFF2-BE06-345C-9493-01E3E2A4D6B1}
		{0616B291-C2EB-3BFB-BFC4-E2FBD18E14A4} = {0616B291-C2EB-3BFB-BFC4-E2FBD18E14A4}
	EndProjectSection
EndProject
Project("{8BC9CEB8-8B4A-11D0-8D11-00A0C91BC942}") = "SampleRenderer", "SampleRenderer.vcxproj", "{E2D619E6-96AA-3FAF-9275-6E6A9D63BCEC}"
	ProjectSection(ProjectDependencies) = postProject
		{6F1CAFEB-D547-3263-A13E-55205ABE6376} = {6F1CAFEB-D547-3263-A13E-55205ABE6376}
		{1A074A13-F640-3F57-8A6B-75F3861A0126} = {1A074A13-F640-3F57-8A6B-75F3861A0126}
		{75DB9132-7EDB-3C6F-A1D9-B48923A31B63} = {75DB9132-7EDB-3C6F-A1D9-B48923A31B63}
		{9AD11DAE-6A51-325C-91E0-74CE67FE318A} = {9AD11DAE-6A51-325C-91E0-74CE67FE318A}
		{28E2DFF2-BE06-345C-9493-01E3E2A4D6B1} = {28E2DFF2-BE06-345C-9493-01E3E2A4D6B1}
		{0616B291-C2EB-3BFB-BFC4-E2FBD18E14A4} = {0616B291-C2EB-3BFB-BFC4-E2FBD18E14A4}
	EndProjectSection
EndProject
Project("{8BC9CEB8-8B4A-11D0-8D11-00A0C91BC942}") = "SampleToolkit", "SampleToolkit.vcxproj", "{28E2DFF2-BE06-345C-9493-01E3E2A4D6B1}"
	ProjectSection(ProjectDependencies) = postProject
		{6F1CAFEB-D547-3263-A13E-55205ABE6376} = {6F1CAFEB-D547-3263-A13E-55205ABE6376}
		{1A074A13-F640-3F57-8A6B-75F3861A0126} = {1A074A13-F640-3F57-8A6B-75F3861A0126}
		{75DB9132-7EDB-3C6F-A1D9-B48923A31B63} = {75DB9132-7EDB-3C6F-A1D9-B48923A31B63}
		{9AD11DAE-6A51-325C-91E0-74CE67FE318A} = {9AD11DAE-6A51-325C-91E0-74CE67FE318A}
		{0616B291-C2EB-3BFB-BFC4-E2FBD18E14A4} = {0616B291-C2EB-3BFB-BFC4-E2FBD18E14A4}
	EndProjectSection
EndProject
Project("{8BC9CEB8-8B4A-11D0-8D11-00A0C91BC942}") = "Samples", "Samples.vcxproj", "{55E8DBDE-97AE-307C-ABB0-77AFACD84C7D}"
	ProjectSection(ProjectDependencies) = postProject
		{6F1CAFEB-D547-3263-A13E-55205ABE6376} = {6F1CAFEB-D547-3263-A13E-55205ABE6376}
		{4B9EEBF5-F6ED-3529-998F-332E25A535F3} = {4B9EEBF5-F6ED-3529-998F-332E25A535F3}
		{8FD8A75D-C388-3BDD-A711-72F28B4A4987} = {8FD8A75D-C388-3BDD-A711-72F28B4A4987}
		{6F96FDE4-A271-3A18-81F8-96525DDEEA82} = {6F96FDE4-A271-3A18-81F8-96525DDEEA82}
		{1A074A13-F640-3F57-8A6B-75F3861A0126} = {1A074A13-F640-3F57-8A6B-75F3861A0126}
		{75DB9132-7EDB-3C6F-A1D9-B48923A31B63} = {75DB9132-7EDB-3C6F-A1D9-B48923A31B63}
		{9AD11DAE-6A51-325C-91E0-74CE67FE318A} = {9AD11DAE-6A51-325C-91E0-74CE67FE318A}
		{4C4EE59F-999B-36BA-8587-CCA764D365FB} = {4C4EE59F-999B-36BA-8587-CCA764D365FB}
		{05C42A2C-D7B4-35B8-99FD-2528C03F5D00} = {05C42A2C-D7B4-35B8-99FD-2528C03F5D00}
		{955DCBC6-5C61-331A-AE53-8B1AB41693CE} = {955DCBC6-5C61-331A-AE53-8B1AB41693CE}
		{901CAADE-01E6-3792-80EE-2C6BA036ED9D} = {901CAADE-01E6-3792-80EE-2C6BA036ED9D}
		{E2D619E6-96AA-3FAF-9275-6E6A9D63BCEC} = {E2D619E6-96AA-3FAF-9275-6E6A9D63BCEC}
		{28E2DFF2-BE06-345C-9493-01E3E2A4D6B1} = {28E2DFF2-BE06-345C-9493-01E3E2A4D6B1}
		{0616B291-C2EB-3BFB-BFC4-E2FBD18E14A4} = {0616B291-C2EB-3BFB-BFC4-E2FBD18E14A4}
	EndProjectSection
EndProject
Project("{8BC9CEB8-8B4A-11D0-8D11-00A0C91BC942}") = "SceneQuery", "..\sdk_source_bin\SceneQuery.vcxproj", "{821D7FCD-1092-3E34-A4B5-0BE8208D6239}"
	ProjectSection(ProjectDependencies) = postProject
		{0616B291-C2EB-3BFB-BFC4-E2FBD18E14A4} = {0616B291-C2EB-3BFB-BFC4-E2FBD18E14A4}
	EndProjectSection
EndProject
Project("{8BC9CEB8-8B4A-11D0-8D11-00A0C91BC942}") = "SimulationController", "..\sdk_source_bin\SimulationController.vcxproj", "{6E5306CD-A4BD-3E60-AB25-BF5DCE29D904}"
	ProjectSection(ProjectDependencies) = postProject
		{0616B291-C2EB-3BFB-BFC4-E2FBD18E14A4} = {0616B291-C2EB-3BFB-BFC4-E2FBD18E14A4}
	EndProjectSection
EndProject
Project("{8BC9CEB8-8B4A-11D0-8D11-00A0C91BC942}") = "ZERO_CHECK", "..\\ZERO_CHECK.vcxproj", "{0616B291-C2EB-3BFB-BFC4-E2FBD18E14A4}"
	ProjectSection(ProjectDependencies) = postProject
	EndProjectSection
EndProject
Global
	GlobalSection(SolutionConfigurationPlatforms) = preSolution
		debug|Win32 = debug|Win32
		checked|Win32 = checked|Win32
		profile|Win32 = profile|Win32
		release|Win32 = release|Win32
	EndGlobalSection
	GlobalSection(ProjectConfigurationPlatforms) = postSolution
		{05CDFB46-A3C7-3DDC-A144-46AD8589376B}.debug|Win32.ActiveCfg = debug|Win32
		{05CDFB46-A3C7-3DDC-A144-46AD8589376B}.debug|Win32.Build.0 = debug|Win32
		{05CDFB46-A3C7-3DDC-A144-46AD8589376B}.checked|Win32.ActiveCfg = checked|Win32
		{05CDFB46-A3C7-3DDC-A144-46AD8589376B}.checked|Win32.Build.0 = checked|Win32
		{05CDFB46-A3C7-3DDC-A144-46AD8589376B}.profile|Win32.ActiveCfg = profile|Win32
		{05CDFB46-A3C7-3DDC-A144-46AD8589376B}.profile|Win32.Build.0 = profile|Win32
		{05CDFB46-A3C7-3DDC-A144-46AD8589376B}.release|Win32.ActiveCfg = release|Win32
		{05CDFB46-A3C7-3DDC-A144-46AD8589376B}.release|Win32.Build.0 = release|Win32
		{828FDBE2-9BEC-3F30-914F-4BD13FC35FDB}.debug|Win32.ActiveCfg = debug|Win32
		{828FDBE2-9BEC-3F30-914F-4BD13FC35FDB}.debug|Win32.Build.0 = debug|Win32
		{828FDBE2-9BEC-3F30-914F-4BD13FC35FDB}.checked|Win32.ActiveCfg = checked|Win32
		{828FDBE2-9BEC-3F30-914F-4BD13FC35FDB}.checked|Win32.Build.0 = checked|Win32
		{828FDBE2-9BEC-3F30-914F-4BD13FC35FDB}.profile|Win32.ActiveCfg = profile|Win32
		{828FDBE2-9BEC-3F30-914F-4BD13FC35FDB}.profile|Win32.Build.0 = profile|Win32
		{828FDBE2-9BEC-3F30-914F-4BD13FC35FDB}.release|Win32.ActiveCfg = release|Win32
		{828FDBE2-9BEC-3F30-914F-4BD13FC35FDB}.release|Win32.Build.0 = release|Win32
		{FF6DE05E-9A31-39A8-99F9-7B11B7BF3253}.debug|Win32.ActiveCfg = debug|Win32
		{FF6DE05E-9A31-39A8-99F9-7B11B7BF3253}.checked|Win32.ActiveCfg = checked|Win32
		{FF6DE05E-9A31-39A8-99F9-7B11B7BF3253}.profile|Win32.ActiveCfg = profile|Win32
		{FF6DE05E-9A31-39A8-99F9-7B11B7BF3253}.release|Win32.ActiveCfg = release|Win32
		{D1974C46-7BB9-3773-AD2E-8E242FF50486}.debug|Win32.ActiveCfg = debug|Win32
		{D1974C46-7BB9-3773-AD2E-8E242FF50486}.debug|Win32.Build.0 = debug|Win32
		{D1974C46-7BB9-3773-AD2E-8E242FF50486}.checked|Win32.ActiveCfg = checked|Win32
		{D1974C46-7BB9-3773-AD2E-8E242FF50486}.checked|Win32.Build.0 = checked|Win32
		{D1974C46-7BB9-3773-AD2E-8E242FF50486}.profile|Win32.ActiveCfg = profile|Win32
		{D1974C46-7BB9-3773-AD2E-8E242FF50486}.profile|Win32.Build.0 = profile|Win32
		{D1974C46-7BB9-3773-AD2E-8E242FF50486}.release|Win32.ActiveCfg = release|Win32
		{D1974C46-7BB9-3773-AD2E-8E242FF50486}.release|Win32.Build.0 = release|Win32
		{DD6F897A-3E42-37D9-AFD9-F116C881A6C9}.debug|Win32.ActiveCfg = debug|Win32
		{DD6F897A-3E42-37D9-AFD9-F116C881A6C9}.debug|Win32.Build.0 = debug|Win32
		{DD6F897A-3E42-37D9-AFD9-F116C881A6C9}.checked|Win32.ActiveCfg = checked|Win32
		{DD6F897A-3E42-37D9-AFD9-F116C881A6C9}.checked|Win32.Build.0 = checked|Win32
		{DD6F897A-3E42-37D9-AFD9-F116C881A6C9}.profile|Win32.ActiveCfg = profile|Win32
		{DD6F897A-3E42-37D9-AFD9-F116C881A6C9}.profile|Win32.Build.0 = profile|Win32
		{DD6F897A-3E42-37D9-AFD9-F116C881A6C9}.release|Win32.ActiveCfg = release|Win32
		{DD6F897A-3E42-37D9-AFD9-F116C881A6C9}.release|Win32.Build.0 = release|Win32
		{FB63A523-9225-3561-91AB-AA4CA4A0D7BB}.debug|Win32.ActiveCfg = debug|Win32
		{FB63A523-9225-3561-91AB-AA4CA4A0D7BB}.debug|Win32.Build.0 = debug|Win32
		{FB63A523-9225-3561-91AB-AA4CA4A0D7BB}.checked|Win32.ActiveCfg = checked|Win32
		{FB63A523-9225-3561-91AB-AA4CA4A0D7BB}.checked|Win32.Build.0 = checked|Win32
		{FB63A523-9225-3561-91AB-AA4CA4A0D7BB}.profile|Win32.ActiveCfg = profile|Win32
		{FB63A523-9225-3561-91AB-AA4CA4A0D7BB}.profile|Win32.Build.0 = profile|Win32
		{FB63A523-9225-3561-91AB-AA4CA4A0D7BB}.release|Win32.ActiveCfg = release|Win32
		{FB63A523-9225-3561-91AB-AA4CA4A0D7BB}.release|Win32.Build.0 = release|Win32
		{6F1CAFEB-D547-3263-A13E-55205ABE6376}.debug|Win32.ActiveCfg = debug|Win32
		{6F1CAFEB-D547-3263-A13E-55205ABE6376}.debug|Win32.Build.0 = debug|Win32
		{6F1CAFEB-D547-3263-A13E-55205ABE6376}.checked|Win32.ActiveCfg = checked|Win32
		{6F1CAFEB-D547-3263-A13E-55205ABE6376}.checked|Win32.Build.0 = checked|Win32
		{6F1CAFEB-D547-3263-A13E-55205ABE6376}.profile|Win32.ActiveCfg = profile|Win32
		{6F1CAFEB-D547-3263-A13E-55205ABE6376}.profile|Win32.Build.0 = profile|Win32
		{6F1CAFEB-D547-3263-A13E-55205ABE6376}.release|Win32.ActiveCfg = release|Win32
		{6F1CAFEB-D547-3263-A13E-55205ABE6376}.release|Win32.Build.0 = release|Win32
		{4B9EEBF5-F6ED-3529-998F-332E25A535F3}.debug|Win32.ActiveCfg = debug|Win32
		{4B9EEBF5-F6ED-3529-998F-332E25A535F3}.debug|Win32.Build.0 = debug|Win32
		{4B9EEBF5-F6ED-3529-998F-332E25A535F3}.checked|Win32.ActiveCfg = checked|Win32
		{4B9EEBF5-F6ED-3529-998F-332E25A535F3}.checked|Win32.Build.0 = checked|Win32
		{4B9EEBF5-F6ED-3529-998F-332E25A535F3}.profile|Win32.ActiveCfg = profile|Win32
		{4B9EEBF5-F6ED-3529-998F-332E25A535F3}.profile|Win32.Build.0 = profile|Win32
		{4B9EEBF5-F6ED-3529-998F-332E25A535F3}.release|Win32.ActiveCfg = release|Win32
		{4B9EEBF5-F6ED-3529-998F-332E25A535F3}.release|Win32.Build.0 = release|Win32
		{8FD8A75D-C388-3BDD-A711-72F28B4A4987}.debug|Win32.ActiveCfg = debug|Win32
		{8FD8A75D-C388-3BDD-A711-72F28B4A4987}.debug|Win32.Build.0 = debug|Win32
		{8FD8A75D-C388-3BDD-A711-72F28B4A4987}.checked|Win32.ActiveCfg = checked|Win32
		{8FD8A75D-C388-3BDD-A711-72F28B4A4987}.checked|Win32.Build.0 = checked|Win32
		{8FD8A75D-C388-3BDD-A711-72F28B4A4987}.profile|Win32.ActiveCfg = profile|Win32
		{8FD8A75D-C388-3BDD-A711-72F28B4A4987}.profile|Win32.Build.0 = profile|Win32
		{8FD8A75D-C388-3BDD-A711-72F28B4A4987}.release|Win32.ActiveCfg = release|Win32
		{8FD8A75D-C388-3BDD-A711-72F28B4A4987}.release|Win32.Build.0 = release|Win32
		{6F96FDE4-A271-3A18-81F8-96525DDEEA82}.debug|Win32.ActiveCfg = debug|Win32
		{6F96FDE4-A271-3A18-81F8-96525DDEEA82}.debug|Win32.Build.0 = debug|Win32
		{6F96FDE4-A271-3A18-81F8-96525DDEEA82}.checked|Win32.ActiveCfg = checked|Win32
		{6F96FDE4-A271-3A18-81F8-96525DDEEA82}.checked|Win32.Build.0 = checked|Win32
		{6F96FDE4-A271-3A18-81F8-96525DDEEA82}.profile|Win32.ActiveCfg = profile|Win32
		{6F96FDE4-A271-3A18-81F8-96525DDEEA82}.profile|Win32.Build.0 = profile|Win32
		{6F96FDE4-A271-3A18-81F8-96525DDEEA82}.release|Win32.ActiveCfg = release|Win32
		{6F96FDE4-A271-3A18-81F8-96525DDEEA82}.release|Win32.Build.0 = release|Win32
		{1A074A13-F640-3F57-8A6B-75F3861A0126}.debug|Win32.ActiveCfg = debug|Win32
		{1A074A13-F640-3F57-8A6B-75F3861A0126}.debug|Win32.Build.0 = debug|Win32
		{1A074A13-F640-3F57-8A6B-75F3861A0126}.checked|Win32.ActiveCfg = checked|Win32
		{1A074A13-F640-3F57-8A6B-75F3861A0126}.checked|Win32.Build.0 = checked|Win32
		{1A074A13-F640-3F57-8A6B-75F3861A0126}.profile|Win32.ActiveCfg = profile|Win32
		{1A074A13-F640-3F57-8A6B-75F3861A0126}.profile|Win32.Build.0 = profile|Win32
		{1A074A13-F640-3F57-8A6B-75F3861A0126}.release|Win32.ActiveCfg = release|Win32
		{1A074A13-F640-3F57-8A6B-75F3861A0126}.release|Win32.Build.0 = release|Win32
		{75DB9132-7EDB-3C6F-A1D9-B48923A31B63}.debug|Win32.ActiveCfg = debug|Win32
		{75DB9132-7EDB-3C6F-A1D9-B48923A31B63}.debug|Win32.Build.0 = debug|Win32
		{75DB9132-7EDB-3C6F-A1D9-B48923A31B63}.checked|Win32.ActiveCfg = checked|Win32
		{75DB9132-7EDB-3C6F-A1D9-B48923A31B63}.checked|Win32.Build.0 = checked|Win32
		{75DB9132-7EDB-3C6F-A1D9-B48923A31B63}.profile|Win32.ActiveCfg = profile|Win32
		{75DB9132-7EDB-3C6F-A1D9-B48923A31B63}.profile|Win32.Build.0 = profile|Win32
		{75DB9132-7EDB-3C6F-A1D9-B48923A31B63}.release|Win32.ActiveCfg = release|Win32
		{75DB9132-7EDB-3C6F-A1D9-B48923A31B63}.release|Win32.Build.0 = release|Win32
		{9AD11DAE-6A51-325C-91E0-74CE67FE318A}.debug|Win32.ActiveCfg = debug|Win32
		{9AD11DAE-6A51-325C-91E0-74CE67FE318A}.debug|Win32.Build.0 = debug|Win32
		{9AD11DAE-6A51-325C-91E0-74CE67FE318A}.checked|Win32.ActiveCfg = checked|Win32
		{9AD11DAE-6A51-325C-91E0-74CE67FE318A}.checked|Win32.Build.0 = checked|Win32
		{9AD11DAE-6A51-325C-91E0-74CE67FE318A}.profile|Win32.ActiveCfg = profile|Win32
		{9AD11DAE-6A51-325C-91E0-74CE67FE318A}.profile|Win32.Build.0 = profile|Win32
		{9AD11DAE-6A51-325C-91E0-74CE67FE318A}.release|Win32.ActiveCfg = release|Win32
		{9AD11DAE-6A51-325C-91E0-74CE67FE318A}.release|Win32.Build.0 = release|Win32
		{685782C5-D705-367B-A90B-486917457FD3}.debug|Win32.ActiveCfg = debug|Win32
		{685782C5-D705-367B-A90B-486917457FD3}.debug|Win32.Build.0 = debug|Win32
		{685782C5-D705-367B-A90B-486917457FD3}.checked|Win32.ActiveCfg = checked|Win32
		{685782C5-D705-367B-A90B-486917457FD3}.checked|Win32.Build.0 = checked|Win32
		{685782C5-D705-367B-A90B-486917457FD3}.profile|Win32.ActiveCfg = profile|Win32
		{685782C5-D705-367B-A90B-486917457FD3}.profile|Win32.Build.0 = profile|Win32
		{685782C5-D705-367B-A90B-486917457FD3}.release|Win32.ActiveCfg = release|Win32
		{685782C5-D705-367B-A90B-486917457FD3}.release|Win32.Build.0 = release|Win32
		{4C4EE59F-999B-36BA-8587-CCA764D365FB}.debug|Win32.ActiveCfg = debug|Win32
		{4C4EE59F-999B-36BA-8587-CCA764D365FB}.debug|Win32.Build.0 = debug|Win32
		{4C4EE59F-999B-36BA-8587-CCA764D365FB}.checked|Win32.ActiveCfg = checked|Win32
		{4C4EE59F-999B-36BA-8587-CCA764D365FB}.checked|Win32.Build.0 = checked|Win32
		{4C4EE59F-999B-36BA-8587-CCA764D365FB}.profile|Win32.ActiveCfg = profile|Win32
		{4C4EE59F-999B-36BA-8587-CCA764D365FB}.profile|Win32.Build.0 = profile|Win32
		{4C4EE59F-999B-36BA-8587-CCA764D365FB}.release|Win32.ActiveCfg = release|Win32
		{4C4EE59F-999B-36BA-8587-CCA764D365FB}.release|Win32.Build.0 = release|Win32
		{05C42A2C-D7B4-35B8-99FD-2528C03F5D00}.debug|Win32.ActiveCfg = debug|Win32
		{05C42A2C-D7B4-35B8-99FD-2528C03F5D00}.debug|Win32.Build.0 = debug|Win32
		{05C42A2C-D7B4-35B8-99FD-2528C03F5D00}.checked|Win32.ActiveCfg = checked|Win32
		{05C42A2C-D7B4-35B8-99FD-2528C03F5D00}.checked|Win32.Build.0 = checked|Win32
		{05C42A2C-D7B4-35B8-99FD-2528C03F5D00}.profile|Win32.ActiveCfg = profile|Win32
		{05C42A2C-D7B4-35B8-99FD-2528C03F5D00}.profile|Win32.Build.0 = profile|Win32
		{05C42A2C-D7B4-35B8-99FD-2528C03F5D00}.release|Win32.ActiveCfg = release|Win32
		{05C42A2C-D7B4-35B8-99FD-2528C03F5D00}.release|Win32.Build.0 = release|Win32
		{955DCBC6-5C61-331A-AE53-8B1AB41693CE}.debug|Win32.ActiveCfg = debug|Win32
		{955DCBC6-5C61-331A-AE53-8B1AB41693CE}.debug|Win32.Build.0 = debug|Win32
		{955DCBC6-5C61-331A-AE53-8B1AB41693CE}.checked|Win32.ActiveCfg = checked|Win32
		{955DCBC6-5C61-331A-AE53-8B1AB41693CE}.checked|Win32.Build.0 = checked|Win32
		{955DCBC6-5C61-331A-AE53-8B1AB41693CE}.profile|Win32.ActiveCfg = profile|Win32
		{955DCBC6-5C61-331A-AE53-8B1AB41693CE}.profile|Win32.Build.0 = profile|Win32
		{955DCBC6-5C61-331A-AE53-8B1AB41693CE}.release|Win32.ActiveCfg = release|Win32
		{955DCBC6-5C61-331A-AE53-8B1AB41693CE}.release|Win32.Build.0 = release|Win32
		{901CAADE-01E6-3792-80EE-2C6BA036ED9D}.debug|Win32.ActiveCfg = debug|Win32
		{901CAADE-01E6-3792-80EE-2C6BA036ED9D}.debug|Win32.Build.0 = debug|Win32
		{901CAADE-01E6-3792-80EE-2C6BA036ED9D}.checked|Win32.ActiveCfg = checked|Win32
		{901CAADE-01E6-3792-80EE-2C6BA036ED9D}.checked|Win32.Build.0 = checked|Win32
		{901CAADE-01E6-3792-80EE-2C6BA036ED9D}.profile|Win32.ActiveCfg = profile|Win32
		{901CAADE-01E6-3792-80EE-2C6BA036ED9D}.profile|Win32.Build.0 = profile|Win32
		{901CAADE-01E6-3792-80EE-2C6BA036ED9D}.release|Win32.ActiveCfg = release|Win32
		{901CAADE-01E6-3792-80EE-2C6BA036ED9D}.release|Win32.Build.0 = release|Win32
		{E2D619E6-96AA-3FAF-9275-6E6A9D63BCEC}.debug|Win32.ActiveCfg = debug|Win32
		{E2D619E6-96AA-3FAF-9275-6E6A9D63BCEC}.debug|Win32.Build.0 = debug|Win32
		{E2D619E6-96AA-3FAF-9275-6E6A9D63BCEC}.checked|Win32.ActiveCfg = checked|Win32
		{E2D619E6-96AA-3FAF-9275-6E6A9D63BCEC}.checked|Win32.Build.0 = checked|Win32
		{E2D619E6-96AA-3FAF-9275-6E6A9D63BCEC}.profile|Win32.ActiveCfg = profile|Win32
		{E2D619E6-96AA-3FAF-9275-6E6A9D63BCEC}.profile|Win32.Build.0 = profile|Win32
		{E2D619E6-96AA-3FAF-9275-6E6A9D63BCEC}.release|Win32.ActiveCfg = release|Win32
		{E2D619E6-96AA-3FAF-9275-6E6A9D63BCEC}.release|Win32.Build.0 = release|Win32
		{28E2DFF2-BE06-345C-9493-01E3E2A4D6B1}.debug|Win32.ActiveCfg = debug|Win32
		{28E2DFF2-BE06-345C-9493-01E3E2A4D6B1}.debug|Win32.Build.0 = debug|Win32
		{28E2DFF2-BE06-345C-9493-01E3E2A4D6B1}.checked|Win32.ActiveCfg = checked|Win32
		{28E2DFF2-BE06-345C-9493-01E3E2A4D6B1}.checked|Win32.Build.0 = checked|Win32
		{28E2DFF2-BE06-345C-9493-01E3E2A4D6B1}.profile|Win32.ActiveCfg = profile|Win32
		{28E2DFF2-BE06-345C-9493-01E3E2A4D6B1}.profile|Win32.Build.0 = profile|Win32
		{28E2DFF2-BE06-345C-9493-01E3E2A4D6B1}.release|Win32.ActiveCfg = release|Win32
		{28E2DFF2-BE06-345C-9493-01E3E2A4D6B1}.release|Win32.Build.0 = release|Win32
		{55E8DBDE-97AE-307C-ABB0-77AFACD84C7D}.debug|Win32.ActiveCfg = debug|Win32
		{55E8DBDE-97AE-307C-ABB0-77AFACD84C7D}.debug|Win32.Build.0 = debug|Win32
		{55E8DBDE-97AE-307C-ABB0-77AFACD84C7D}.checked|Win32.ActiveCfg = checked|Win32
		{55E8DBDE-97AE-307C-ABB0-77AFACD84C7D}.checked|Win32.Build.0 = checked|Win32
		{55E8DBDE-97AE-307C-ABB0-77AFACD84C7D}.profile|Win32.ActiveCfg = profile|Win32
		{55E8DBDE-97AE-307C-ABB0-77AFACD84C7D}.profile|Win32.Build.0 = profile|Win32
		{55E8DBDE-97AE-307C-ABB0-77AFACD84C7D}.release|Win32.ActiveCfg = release|Win32
		{55E8DBDE-97AE-307C-ABB0-77AFACD84C7D}.release|Win32.Build.0 = release|Win32
		{821D7FCD-1092-3E34-A4B5-0BE8208D6239}.debug|Win32.ActiveCfg = debug|Win32
		{821D7FCD-1092-3E34-A4B5-0BE8208D6239}.debug|Win32.Build.0 = debug|Win32
		{821D7FCD-1092-3E34-A4B5-0BE8208D6239}.checked|Win32.ActiveCfg = checked|Win32
		{821D7FCD-1092-3E34-A4B5-0BE8208D6239}.checked|Win32.Build.0 = checked|Win32
		{821D7FCD-1092-3E34-A4B5-0BE8208D6239}.profile|Win32.ActiveCfg = profile|Win32
		{821D7FCD-1092-3E34-A4B5-0BE8208D6239}.profile|Win32.Build.0 = profile|Win32
		{821D7FCD-1092-3E34-A4B5-0BE8208D6239}.release|Win32.ActiveCfg = release|Win32
		{821D7FCD-1092-3E34-A4B5-0BE8208D6239}.release|Win32.Build.0 = release|Win32
		{6E5306CD-A4BD-3E60-AB25-BF5DCE29D904}.debug|Win32.ActiveCfg = debug|Win32
		{6E5306CD-A4BD-3E60-AB25-BF5DCE29D904}.debug|Win32.Build.0 = debug|Win32
		{6E5306CD-A4BD-3E60-AB25-BF5DCE29D904}.checked|Win32.ActiveCfg = checked|Win32
		{6E5306CD-A4BD-3E60-AB25-BF5DCE29D904}.checked|Win32.Build.0 = checked|Win32
		{6E5306CD-A4BD-3E60-AB25-BF5DCE29D904}.profile|Win32.ActiveCfg = profile|Win32
		{6E5306CD-A4BD-3E60-AB25-BF5DCE29D904}.profile|Win32.Build.0 = profile|Win32
		{6E5306CD-A4BD-3E60-AB25-BF5DCE29D904}.release|Win32.ActiveCfg = release|Win32
		{6E5306CD-A4BD-3E60-AB25-BF5DCE29D904}.release|Win32.Build.0 = release|Win32
		{0616B291-C2EB-3BFB-BFC4-E2FBD18E14A4}.debug|Win32.ActiveCfg = debug|Win32
		{0616B291-C2EB-3BFB-BFC4-E2FBD18E14A4}.debug|Win32.Build.0 = debug|Win32
		{0616B291-C2EB-3BFB-BFC4-E2FBD18E14A4}.checked|Win32.ActiveCfg = checked|Win32
		{0616B291-C2EB-3BFB-BFC4-E2FBD18E14A4}.checked|Win32.Build.0 = checked|Win32
		{0616B291-C2EB-3BFB-BFC4-E2FBD18E14A4}.profile|Win32.ActiveCfg = profile|Win32
		{0616B291-C2EB-3BFB-BFC4-E2FBD18E14A4}.profile|Win32.Build.0 = profile|Win32
		{0616B291-C2EB-3BFB-BFC4-E2FBD18E14A4}.release|Win32.ActiveCfg = release|Win32
		{0616B291-C2EB-3BFB-BFC4-E2FBD18E14A4}.release|Win32.Build.0 = release|Win32
	EndGlobalSection
	GlobalSection(NestedProjects) = preSolution
		{05CDFB46-A3C7-3DDC-A144-46AD8589376B} = {6941086F-B982-3D24-A7D2-95CD0C70D5A7}
		{FF6DE05E-9A31-39A8-99F9-7B11B7BF3253} = {6941086F-B982-3D24-A7D2-95CD0C70D5A7}
		{0616B291-C2EB-3BFB-BFC4-E2FBD18E14A4} = {6941086F-B982-3D24-A7D2-95CD0C70D5A7}
		{828FDBE2-9BEC-3F30-914F-4BD13FC35FDB} = {C4F05BB2-4EAE-3895-98E9-DB89EDE2EBD2}
		{D1974C46-7BB9-3773-AD2E-8E242FF50486} = {C4F05BB2-4EAE-3895-98E9-DB89EDE2EBD2}
		{DD6F897A-3E42-37D9-AFD9-F116C881A6C9} = {C4F05BB2-4EAE-3895-98E9-DB89EDE2EBD2}
		{FB63A523-9225-3561-91AB-AA4CA4A0D7BB} = {C4F05BB2-4EAE-3895-98E9-DB89EDE2EBD2}
		{6F1CAFEB-D547-3263-A13E-55205ABE6376} = {C4F05BB2-4EAE-3895-98E9-DB89EDE2EBD2}
		{4B9EEBF5-F6ED-3529-998F-332E25A535F3} = {C4F05BB2-4EAE-3895-98E9-DB89EDE2EBD2}
		{8FD8A75D-C388-3BDD-A711-72F28B4A4987} = {C4F05BB2-4EAE-3895-98E9-DB89EDE2EBD2}
		{6F96FDE4-A271-3A18-81F8-96525DDEEA82} = {C4F05BB2-4EAE-3895-98E9-DB89EDE2EBD2}
		{1A074A13-F640-3F57-8A6B-75F3861A0126} = {C4F05BB2-4EAE-3895-98E9-DB89EDE2EBD2}
		{75DB9132-7EDB-3C6F-A1D9-B48923A31B63} = {C4F05BB2-4EAE-3895-98E9-DB89EDE2EBD2}
		{9AD11DAE-6A51-325C-91E0-74CE67FE318A} = {C4F05BB2-4EAE-3895-98E9-DB89EDE2EBD2}
		{685782C5-D705-367B-A90B-486917457FD3} = {C4F05BB2-4EAE-3895-98E9-DB89EDE2EBD2}
		{4C4EE59F-999B-36BA-8587-CCA764D365FB} = {C4F05BB2-4EAE-3895-98E9-DB89EDE2EBD2}
		{821D7FCD-1092-3E34-A4B5-0BE8208D6239} = {C4F05BB2-4EAE-3895-98E9-DB89EDE2EBD2}
		{6E5306CD-A4BD-3E60-AB25-BF5DCE29D904} = {C4F05BB2-4EAE-3895-98E9-DB89EDE2EBD2}
		{A96C10CF-9029-37B7-8714-BF2A12C80E34} = {6BC1EF4A-F774-38CA-839C-E6026D6BAEA7}
		{55E8DBDE-97AE-307C-ABB0-77AFACD84C7D} = {6BC1EF4A-F774-38CA-839C-E6026D6BAEA7}
		{05C42A2C-D7B4-35B8-99FD-2528C03F5D00} = {A96C10CF-9029-37B7-8714-BF2A12C80E34}
		{955DCBC6-5C61-331A-AE53-8B1AB41693CE} = {A96C10CF-9029-37B7-8714-BF2A12C80E34}
		{901CAADE-01E6-3792-80EE-2C6BA036ED9D} = {A96C10CF-9029-37B7-8714-BF2A12C80E34}
		{E2D619E6-96AA-3FAF-9275-6E6A9D63BCEC} = {A96C10CF-9029-37B7-8714-BF2A12C80E34}
		{28E2DFF2-BE06-345C-9493-01E3E2A4D6B1} = {A96C10CF-9029-37B7-8714-BF2A12C80E34}
	EndGlobalSection
	GlobalSection(ExtensibilityGlobals) = postSolution
		SolutionGuid = {FB53CAA8-35C6-3F55-BE1F-C21204876BD7}
	EndGlobalSection
	GlobalSection(ExtensibilityAddIns) = postSolution
	EndGlobalSection
EndGlobal
