
Microsoft Visual Studio Solution File, Format Version 12.00
# Visual Studio Version 16
Project("{2150E333-8FDC-42A3-9474-1A3956D46DE8}") = "CMakePredefinedTargets", "CMakePredefinedTargets", "{C386C598-F2C7-330A-9398-D6F707215E91}"
EndProject
Project("{2150E333-8FDC-42A3-9474-1A3956D46DE8}") = "PhysX SDK", "PhysX SDK", "{F1DDB738-7E56-3A02-9CB4-B69323105726}"
EndProject
Project("{2150E333-8FDC-42A3-9474-1A3956D46DE8}") = "PhysX Samples", "PhysX Samples", "{C131B22E-2D06-3595-B21A-BD554C029B08}"
EndProject
Project("{2150E333-8FDC-42A3-9474-1A3956D46DE8}") = "Libraries only", "PhysX Samples\Libraries only", "{032B2D2A-125E-3F3F-B5E4-F5929BDFE64D}"
EndProject
Project("{8BC9CEB8-8B4A-11D0-8D11-00A0C91BC942}") = "ALL_BUILD", "ALL_BUILD.vcxproj", "{7A0860A6-2E5A-361D-8683-929AD22B5C86}"
	ProjectSection(ProjectDependencies) = postProject
		{58D5250B-0904-3BC0-91D3-A07854815A6F} = {58D5250B-0904-3BC0-91D3-A07854815A6F}
		{54D01470-14EC-3102-876F-FF640AA178ED} = {54D01470-14EC-3102-876F-FF640AA178ED}
		{A62AFFA5-F4F5-324F-9742-0CC02F2336EC} = {A62AFFA5-F4F5-324F-9742-0CC02F2336EC}
		{C19580F3-24FC-349E-98BF-43B09C68FC7F} = {C19580F3-24FC-349E-98BF-43B09C68FC7F}
		{8D37E5AB-6563-3E04-9B7B-59BC525774C7} = {8D37E5AB-6563-3E04-9B7B-59BC525774C7}
		{5533E452-3716-3EDE-B825-E03F21A18C3D} = {5533E452-3716-3EDE-B825-E03F21A18C3D}
		{9014525E-C4C3-3CE6-BC7D-CF3E7186CC66} = {9014525E-C4C3-3CE6-BC7D-CF3E7186CC66}
	EndProjectSection
EndProject
Project("{8BC9CEB8-8B4A-11D0-8D11-00A0C91BC942}") = "FastXml", "..\sdk_source_bin\FastXml.vcxproj", "{EB75E0D6-0DCA-3A1F-8513-FA55BF367CEE}"
	ProjectSection(ProjectDependencies) = postProject
		{9014525E-C4C3-3CE6-BC7D-CF3E7186CC66} = {9014525E-C4C3-3CE6-BC7D-CF3E7186CC66}
	EndProjectSection
EndProject
Project("{8BC9CEB8-8B4A-11D0-8D11-00A0C91BC942}") = "INSTALL", "INSTALL.vcxproj", "{72C8D608-8FEE-3D9D-917A-D86AE02A786D}"
	ProjectSection(ProjectDependencies) = postProject
		{7A0860A6-2E5A-361D-8683-929AD22B5C86} = {7A0860A6-2E5A-361D-8683-929AD22B5C86}
		{9014525E-C4C3-3CE6-BC7D-CF3E7186CC66} = {9014525E-C4C3-3CE6-BC7D-CF3E7186CC66}
	EndProjectSection
EndProject
Project("{8BC9CEB8-8B4A-11D0-8D11-00A0C91BC942}") = "LowLevel", "..\sdk_source_bin\LowLevel.vcxproj", "{081E6B1F-0F35-3EC9-8151-1BFD28578740}"
	ProjectSection(ProjectDependencies) = postProject
		{9014525E-C4C3-3CE6-BC7D-CF3E7186CC66} = {9014525E-C4C3-3CE6-BC7D-CF3E7186CC66}
	EndProjectSection
EndProject
Project("{8BC9CEB8-8B4A-11D0-8D11-00A0C91BC942}") = "LowLevelAABB", "..\sdk_source_bin\LowLevelAABB.vcxproj", "{7A8F823F-49CD-364B-B9F5-278D61BA47E6}"
	ProjectSection(ProjectDependencies) = postProject
		{9014525E-C4C3-3CE6-BC7D-CF3E7186CC66} = {9014525E-C4C3-3CE6-BC7D-CF3E7186CC66}
	EndProjectSection
EndProject
Project("{8BC9CEB8-8B4A-11D0-8D11-00A0C91BC942}") = "LowLevelDynamics", "..\sdk_source_bin\LowLevelDynamics.vcxproj", "{1108C082-ECBA-3523-9ECD-17E40278D298}"
	ProjectSection(ProjectDependencies) = postProject
		{9014525E-C4C3-3CE6-BC7D-CF3E7186CC66} = {9014525E-C4C3-3CE6-BC7D-CF3E7186CC66}
	EndProjectSection
EndProject
Project("{8BC9CEB8-8B4A-11D0-8D11-00A0C91BC942}") = "PhysX", "..\sdk_source_bin\PhysX.vcxproj", "{E03B8FD9-3245-3992-928C-6B7129110AC9}"
	ProjectSection(ProjectDependencies) = postProject
		{081E6B1F-0F35-3EC9-8151-1BFD28578740} = {081E6B1F-0F35-3EC9-8151-1BFD28578740}
		{7A8F823F-49CD-364B-B9F5-278D61BA47E6} = {7A8F823F-49CD-364B-B9F5-278D61BA47E6}
		{1108C082-ECBA-3523-9ECD-17E40278D298} = {1108C082-ECBA-3523-9ECD-17E40278D298}
		{3EA572F9-36C8-3DE1-9C7C-D8831890B7E9} = {3EA572F9-36C8-3DE1-9C7C-D8831890B7E9}
		{D74C8A41-D8E2-3062-B13A-26D0D395E9F9} = {D74C8A41-D8E2-3062-B13A-26D0D395E9F9}
		{83FEF980-F8E0-348A-98E6-2A84449C4AC1} = {83FEF980-F8E0-348A-98E6-2A84449C4AC1}
		{800B824D-987E-34B5-95BF-23F59200E5CB} = {800B824D-987E-34B5-95BF-23F59200E5CB}
		{F01FDF01-2DE9-3C0D-9C3B-6DA86E038ABF} = {F01FDF01-2DE9-3C0D-9C3B-6DA86E038ABF}
		{4AF08E4D-A3CC-3282-88FD-55D1A0F84CC8} = {4AF08E4D-A3CC-3282-88FD-55D1A0F84CC8}
		{9014525E-C4C3-3CE6-BC7D-CF3E7186CC66} = {9014525E-C4C3-3CE6-BC7D-CF3E7186CC66}
	EndProjectSection
EndProject
Project("{8BC9CEB8-8B4A-11D0-8D11-00A0C91BC942}") = "PhysXCharacterKinematic", "..\sdk_source_bin\PhysXCharacterKinematic.vcxproj", "{7384C5AC-4C4F-3C8C-9C66-FFFCA0C1BAA0}"
	ProjectSection(ProjectDependencies) = postProject
		{D74C8A41-D8E2-3062-B13A-26D0D395E9F9} = {D74C8A41-D8E2-3062-B13A-26D0D395E9F9}
		{9014525E-C4C3-3CE6-BC7D-CF3E7186CC66} = {9014525E-C4C3-3CE6-BC7D-CF3E7186CC66}
	EndProjectSection
EndProject
Project("{8BC9CEB8-8B4A-11D0-8D11-00A0C91BC942}") = "PhysXCommon", "..\sdk_source_bin\PhysXCommon.vcxproj", "{3EA572F9-36C8-3DE1-9C7C-D8831890B7E9}"
	ProjectSection(ProjectDependencies) = postProject
		{D74C8A41-D8E2-3062-B13A-26D0D395E9F9} = {D74C8A41-D8E2-3062-B13A-26D0D395E9F9}
		{9014525E-C4C3-3CE6-BC7D-CF3E7186CC66} = {9014525E-C4C3-3CE6-BC7D-CF3E7186CC66}
	EndProjectSection
EndProject
Project("{8BC9CEB8-8B4A-11D0-8D11-00A0C91BC942}") = "PhysXCooking", "..\sdk_source_bin\PhysXCooking.vcxproj", "{EC93EC99-2E92-38F0-BE1A-10AB6FDFF2F7}"
	ProjectSection(ProjectDependencies) = postProject
		{3EA572F9-36C8-3DE1-9C7C-D8831890B7E9} = {3EA572F9-36C8-3DE1-9C7C-D8831890B7E9}
		{D74C8A41-D8E2-3062-B13A-26D0D395E9F9} = {D74C8A41-D8E2-3062-B13A-26D0D395E9F9}
		{9014525E-C4C3-3CE6-BC7D-CF3E7186CC66} = {9014525E-C4C3-3CE6-BC7D-CF3E7186CC66}
	EndProjectSection
EndProject
Project("{8BC9CEB8-8B4A-11D0-8D11-00A0C91BC942}") = "PhysXExtensions", "..\sdk_source_bin\PhysXExtensions.vcxproj", "{D7523671-9DC3-3980-92B6-09C05DD235EF}"
	ProjectSection(ProjectDependencies) = postProject
		{EB75E0D6-0DCA-3A1F-8513-FA55BF367CEE} = {EB75E0D6-0DCA-3A1F-8513-FA55BF367CEE}
		{E03B8FD9-3245-3992-928C-6B7129110AC9} = {E03B8FD9-3245-3992-928C-6B7129110AC9}
		{D74C8A41-D8E2-3062-B13A-26D0D395E9F9} = {D74C8A41-D8E2-3062-B13A-26D0D395E9F9}
		{83FEF980-F8E0-348A-98E6-2A84449C4AC1} = {83FEF980-F8E0-348A-98E6-2A84449C4AC1}
		{9014525E-C4C3-3CE6-BC7D-CF3E7186CC66} = {9014525E-C4C3-3CE6-BC7D-CF3E7186CC66}
	EndProjectSection
EndProject
Project("{8BC9CEB8-8B4A-11D0-8D11-00A0C91BC942}") = "PhysXFoundation", "..\sdk_source_bin\PhysXFoundation.vcxproj", "{D74C8A41-D8E2-3062-B13A-26D0D395E9F9}"
	ProjectSection(ProjectDependencies) = postProject
		{9014525E-C4C3-3CE6-BC7D-CF3E7186CC66} = {9014525E-C4C3-3CE6-BC7D-CF3E7186CC66}
	EndProjectSection
EndProject
Project("{8BC9CEB8-8B4A-11D0-8D11-00A0C91BC942}") = "PhysXPvdSDK", "..\sdk_source_bin\PhysXPvdSDK.vcxproj", "{83FEF980-F8E0-348A-98E6-2A84449C4AC1}"
	ProjectSection(ProjectDependencies) = postProject
		{D74C8A41-D8E2-3062-B13A-26D0D395E9F9} = {D74C8A41-D8E2-3062-B13A-26D0D395E9F9}
		{9014525E-C4C3-3CE6-BC7D-CF3E7186CC66} = {9014525E-C4C3-3CE6-BC7D-CF3E7186CC66}
	EndProjectSection
EndProject
Project("{8BC9CEB8-8B4A-11D0-8D11-00A0C91BC942}") = "PhysXTask", "..\sdk_source_bin\PhysXTask.vcxproj", "{800B824D-987E-34B5-95BF-23F59200E5CB}"
	ProjectSection(ProjectDependencies) = postProject
		{9014525E-C4C3-3CE6-BC7D-CF3E7186CC66} = {9014525E-C4C3-3CE6-BC7D-CF3E7186CC66}
	EndProjectSection
EndProject
Project("{8BC9CEB8-8B4A-11D0-8D11-00A0C91BC942}") = "PhysXVehicle", "..\sdk_source_bin\PhysXVehicle.vcxproj", "{34A119B0-3239-371F-8F55-19826B5E06AE}"
	ProjectSection(ProjectDependencies) = postProject
		{D74C8A41-D8E2-3062-B13A-26D0D395E9F9} = {D74C8A41-D8E2-3062-B13A-26D0D395E9F9}
		{83FEF980-F8E0-348A-98E6-2A84449C4AC1} = {83FEF980-F8E0-348A-98E6-2A84449C4AC1}
		{9014525E-C4C3-3CE6-BC7D-CF3E7186CC66} = {9014525E-C4C3-3CE6-BC7D-CF3E7186CC66}
	EndProjectSection
EndProject
Project("{8BC9CEB8-8B4A-11D0-8D11-00A0C91BC942}") = "SampleBase", "SampleBase.vcxproj", "{58D5250B-0904-3BC0-91D3-A07854815A6F}"
	ProjectSection(ProjectDependencies) = postProject
		{E03B8FD9-3245-3992-928C-6B7129110AC9} = {E03B8FD9-3245-3992-928C-6B7129110AC9}
		{D7523671-9DC3-3980-92B6-09C05DD235EF} = {D7523671-9DC3-3980-92B6-09C05DD235EF}
		{D74C8A41-D8E2-3062-B13A-26D0D395E9F9} = {D74C8A41-D8E2-3062-B13A-26D0D395E9F9}
		{83FEF980-F8E0-348A-98E6-2A84449C4AC1} = {83FEF980-F8E0-348A-98E6-2A84449C4AC1}
		{8D37E5AB-6563-3E04-9B7B-59BC525774C7} = {8D37E5AB-6563-3E04-9B7B-59BC525774C7}
		{9014525E-C4C3-3CE6-BC7D-CF3E7186CC66} = {9014525E-C4C3-3CE6-BC7D-CF3E7186CC66}
	EndProjectSection
EndProject
Project("{8BC9CEB8-8B4A-11D0-8D11-00A0C91BC942}") = "SampleFramework", "SampleFramework.vcxproj", "{54D01470-14EC-3102-876F-FF640AA178ED}"
	ProjectSection(ProjectDependencies) = postProject
		{E03B8FD9-3245-3992-928C-6B7129110AC9} = {E03B8FD9-3245-3992-928C-6B7129110AC9}
		{D7523671-9DC3-3980-92B6-09C05DD235EF} = {D7523671-9DC3-3980-92B6-09C05DD235EF}
		{D74C8A41-D8E2-3062-B13A-26D0D395E9F9} = {D74C8A41-D8E2-3062-B13A-26D0D395E9F9}
		{83FEF980-F8E0-348A-98E6-2A84449C4AC1} = {83FEF980-F8E0-348A-98E6-2A84449C4AC1}
		{8D37E5AB-6563-3E04-9B7B-59BC525774C7} = {8D37E5AB-6563-3E04-9B7B-59BC525774C7}
		{9014525E-C4C3-3CE6-BC7D-CF3E7186CC66} = {9014525E-C4C3-3CE6-BC7D-CF3E7186CC66}
	EndProjectSection
EndProject
Project("{8BC9CEB8-8B4A-11D0-8D11-00A0C91BC942}") = "SamplePlatform", "SamplePlatform.vcxproj", "{A62AFFA5-F4F5-324F-9742-0CC02F2336EC}"
	ProjectSection(ProjectDependencies) = postProject
		{E03B8FD9-3245-3992-928C-6B7129110AC9} = {E03B8FD9-3245-3992-928C-6B7129110AC9}
		{D7523671-9DC3-3980-92B6-09C05DD235EF} = {D7523671-9DC3-3980-92B6-09C05DD235EF}
		{D74C8A41-D8E2-3062-B13A-26D0D395E9F9} = {D74C8A41-D8E2-3062-B13A-26D0D395E9F9}
		{83FEF980-F8E0-348A-98E6-2A84449C4AC1} = {83FEF980-F8E0-348A-98E6-2A84449C4AC1}
		{8D37E5AB-6563-3E04-9B7B-59BC525774C7} = {8D37E5AB-6563-3E04-9B7B-59BC525774C7}
		{9014525E-C4C3-3CE6-BC7D-CF3E7186CC66} = {9014525E-C4C3-3CE6-BC7D-CF3E7186CC66}
	EndProjectSection
EndProject
Project("{8BC9CEB8-8B4A-11D0-8D11-00A0C91BC942}") = "SampleRenderer", "SampleRenderer.vcxproj", "{C19580F3-24FC-349E-98BF-43B09C68FC7F}"
	ProjectSection(ProjectDependencies) = postProject
		{E03B8FD9-3245-3992-928C-6B7129110AC9} = {E03B8FD9-3245-3992-928C-6B7129110AC9}
		{D7523671-9DC3-3980-92B6-09C05DD235EF} = {D7523671-9DC3-3980-92B6-09C05DD235EF}
		{D74C8A41-D8E2-3062-B13A-26D0D395E9F9} = {D74C8A41-D8E2-3062-B13A-26D0D395E9F9}
		{83FEF980-F8E0-348A-98E6-2A84449C4AC1} = {83FEF980-F8E0-348A-98E6-2A84449C4AC1}
		{8D37E5AB-6563-3E04-9B7B-59BC525774C7} = {8D37E5AB-6563-3E04-9B7B-59BC525774C7}
		{9014525E-C4C3-3CE6-BC7D-CF3E7186CC66} = {9014525E-C4C3-3CE6-BC7D-CF3E7186CC66}
	EndProjectSection
EndProject
Project("{8BC9CEB8-8B4A-11D0-8D11-00A0C91BC942}") = "SampleToolkit", "SampleToolkit.vcxproj", "{8D37E5AB-6563-3E04-9B7B-59BC525774C7}"
	ProjectSection(ProjectDependencies) = postProject
		{E03B8FD9-3245-3992-928C-6B7129110AC9} = {E03B8FD9-3245-3992-928C-6B7129110AC9}
		{D7523671-9DC3-3980-92B6-09C05DD235EF} = {D7523671-9DC3-3980-92B6-09C05DD235EF}
		{D74C8A41-D8E2-3062-B13A-26D0D395E9F9} = {D74C8A41-D8E2-3062-B13A-26D0D395E9F9}
		{83FEF980-F8E0-348A-98E6-2A84449C4AC1} = {83FEF980-F8E0-348A-98E6-2A84449C4AC1}
		{9014525E-C4C3-3CE6-BC7D-CF3E7186CC66} = {9014525E-C4C3-3CE6-BC7D-CF3E7186CC66}
	EndProjectSection
EndProject
Project("{8BC9CEB8-8B4A-11D0-8D11-00A0C91BC942}") = "Samples", "Samples.vcxproj", "{5533E452-3716-3EDE-B825-E03F21A18C3D}"
	ProjectSection(ProjectDependencies) = postProject
		{E03B8FD9-3245-3992-928C-6B7129110AC9} = {E03B8FD9-3245-3992-928C-6B7129110AC9}
		{7384C5AC-4C4F-3C8C-9C66-FFFCA0C1BAA0} = {7384C5AC-4C4F-3C8C-9C66-FFFCA0C1BAA0}
		{3EA572F9-36C8-3DE1-9C7C-D8831890B7E9} = {3EA572F9-36C8-3DE1-9C7C-D8831890B7E9}
		{EC93EC99-2E92-38F0-BE1A-10AB6FDFF2F7} = {EC93EC99-2E92-38F0-BE1A-10AB6FDFF2F7}
		{D7523671-9DC3-3980-92B6-09C05DD235EF} = {D7523671-9DC3-3980-92B6-09C05DD235EF}
		{D74C8A41-D8E2-3062-B13A-26D0D395E9F9} = {D74C8A41-D8E2-3062-B13A-26D0D395E9F9}
		{83FEF980-F8E0-348A-98E6-2A84449C4AC1} = {83FEF980-F8E0-348A-98E6-2A84449C4AC1}
		{34A119B0-3239-371F-8F55-19826B5E06AE} = {34A119B0-3239-371F-8F55-19826B5E06AE}
		{58D5250B-0904-3BC0-91D3-A07854815A6F} = {58D5250B-0904-3BC0-91D3-A07854815A6F}
		{54D01470-14EC-3102-876F-FF640AA178ED} = {54D01470-14EC-3102-876F-FF640AA178ED}
		{A62AFFA5-F4F5-324F-9742-0CC02F2336EC} = {A62AFFA5-F4F5-324F-9742-0CC02F2336EC}
		{C19580F3-24FC-349E-98BF-43B09C68FC7F} = {C19580F3-24FC-349E-98BF-43B09C68FC7F}
		{8D37E5AB-6563-3E04-9B7B-59BC525774C7} = {8D37E5AB-6563-3E04-9B7B-59BC525774C7}
		{9014525E-C4C3-3CE6-BC7D-CF3E7186CC66} = {9014525E-C4C3-3CE6-BC7D-CF3E7186CC66}
	EndProjectSection
EndProject
Project("{8BC9CEB8-8B4A-11D0-8D11-00A0C91BC942}") = "SceneQuery", "..\sdk_source_bin\SceneQuery.vcxproj", "{F01FDF01-2DE9-3C0D-9C3B-6DA86E038ABF}"
	ProjectSection(ProjectDependencies) = postProject
		{9014525E-C4C3-3CE6-BC7D-CF3E7186CC66} = {9014525E-C4C3-3CE6-BC7D-CF3E7186CC66}
	EndProjectSection
EndProject
Project("{8BC9CEB8-8B4A-11D0-8D11-00A0C91BC942}") = "SimulationController", "..\sdk_source_bin\SimulationController.vcxproj", "{4AF08E4D-A3CC-3282-88FD-55D1A0F84CC8}"
	ProjectSection(ProjectDependencies) = postProject
		{9014525E-C4C3-3CE6-BC7D-CF3E7186CC66} = {9014525E-C4C3-3CE6-BC7D-CF3E7186CC66}
	EndProjectSection
EndProject
Project("{8BC9CEB8-8B4A-11D0-8D11-00A0C91BC942}") = "ZERO_CHECK", "..\\ZERO_CHECK.vcxproj", "{9014525E-C4C3-3CE6-BC7D-CF3E7186CC66}"
	ProjectSection(ProjectDependencies) = postProject
	EndProjectSection
EndProject
Global
	GlobalSection(SolutionConfigurationPlatforms) = preSolution
		debug|x64 = debug|x64
		checked|x64 = checked|x64
		profile|x64 = profile|x64
		release|x64 = release|x64
	EndGlobalSection
	GlobalSection(ProjectConfigurationPlatforms) = postSolution
		{7A0860A6-2E5A-361D-8683-929AD22B5C86}.debug|x64.ActiveCfg = debug|x64
		{7A0860A6-2E5A-361D-8683-929AD22B5C86}.debug|x64.Build.0 = debug|x64
		{7A0860A6-2E5A-361D-8683-929AD22B5C86}.checked|x64.ActiveCfg = checked|x64
		{7A0860A6-2E5A-361D-8683-929AD22B5C86}.checked|x64.Build.0 = checked|x64
		{7A0860A6-2E5A-361D-8683-929AD22B5C86}.profile|x64.ActiveCfg = profile|x64
		{7A0860A6-2E5A-361D-8683-929AD22B5C86}.profile|x64.Build.0 = profile|x64
		{7A0860A6-2E5A-361D-8683-929AD22B5C86}.release|x64.ActiveCfg = release|x64
		{7A0860A6-2E5A-361D-8683-929AD22B5C86}.release|x64.Build.0 = release|x64
		{EB75E0D6-0DCA-3A1F-8513-FA55BF367CEE}.debug|x64.ActiveCfg = debug|x64
		{EB75E0D6-0DCA-3A1F-8513-FA55BF367CEE}.debug|x64.Build.0 = debug|x64
		{EB75E0D6-0DCA-3A1F-8513-FA55BF367CEE}.checked|x64.ActiveCfg = checked|x64
		{EB75E0D6-0DCA-3A1F-8513-FA55BF367CEE}.checked|x64.Build.0 = checked|x64
		{EB75E0D6-0DCA-3A1F-8513-FA55BF367CEE}.profile|x64.ActiveCfg = profile|x64
		{EB75E0D6-0DCA-3A1F-8513-FA55BF367CEE}.profile|x64.Build.0 = profile|x64
		{EB75E0D6-0DCA-3A1F-8513-FA55BF367CEE}.release|x64.ActiveCfg = release|x64
		{EB75E0D6-0DCA-3A1F-8513-FA55BF367CEE}.release|x64.Build.0 = release|x64
		{72C8D608-8FEE-3D9D-917A-D86AE02A786D}.debug|x64.ActiveCfg = debug|x64
		{72C8D608-8FEE-3D9D-917A-D86AE02A786D}.checked|x64.ActiveCfg = checked|x64
		{72C8D608-8FEE-3D9D-917A-D86AE02A786D}.profile|x64.ActiveCfg = profile|x64
		{72C8D608-8FEE-3D9D-917A-D86AE02A786D}.release|x64.ActiveCfg = release|x64
		{081E6B1F-0F35-3EC9-8151-1BFD28578740}.debug|x64.ActiveCfg = debug|x64
		{081E6B1F-0F35-3EC9-8151-1BFD28578740}.debug|x64.Build.0 = debug|x64
		{081E6B1F-0F35-3EC9-8151-1BFD28578740}.checked|x64.ActiveCfg = checked|x64
		{081E6B1F-0F35-3EC9-8151-1BFD28578740}.checked|x64.Build.0 = checked|x64
		{081E6B1F-0F35-3EC9-8151-1BFD28578740}.profile|x64.ActiveCfg = profile|x64
		{081E6B1F-0F35-3EC9-8151-1BFD28578740}.profile|x64.Build.0 = profile|x64
		{081E6B1F-0F35-3EC9-8151-1BFD28578740}.release|x64.ActiveCfg = release|x64
		{081E6B1F-0F35-3EC9-8151-1BFD28578740}.release|x64.Build.0 = release|x64
		{7A8F823F-49CD-364B-B9F5-278D61BA47E6}.debug|x64.ActiveCfg = debug|x64
		{7A8F823F-49CD-364B-B9F5-278D61BA47E6}.debug|x64.Build.0 = debug|x64
		{7A8F823F-49CD-364B-B9F5-278D61BA47E6}.checked|x64.ActiveCfg = checked|x64
		{7A8F823F-49CD-364B-B9F5-278D61BA47E6}.checked|x64.Build.0 = checked|x64
		{7A8F823F-49CD-364B-B9F5-278D61BA47E6}.profile|x64.ActiveCfg = profile|x64
		{7A8F823F-49CD-364B-B9F5-278D61BA47E6}.profile|x64.Build.0 = profile|x64
		{7A8F823F-49CD-364B-B9F5-278D61BA47E6}.release|x64.ActiveCfg = release|x64
		{7A8F823F-49CD-364B-B9F5-278D61BA47E6}.release|x64.Build.0 = release|x64
		{1108C082-ECBA-3523-9ECD-17E40278D298}.debug|x64.ActiveCfg = debug|x64
		{1108C082-ECBA-3523-9ECD-17E40278D298}.debug|x64.Build.0 = debug|x64
		{1108C082-ECBA-3523-9ECD-17E40278D298}.checked|x64.ActiveCfg = checked|x64
		{1108C082-ECBA-3523-9ECD-17E40278D298}.checked|x64.Build.0 = checked|x64
		{1108C082-ECBA-3523-9ECD-17E40278D298}.profile|x64.ActiveCfg = profile|x64
		{1108C082-ECBA-3523-9ECD-17E40278D298}.profile|x64.Build.0 = profile|x64
		{1108C082-ECBA-3523-9ECD-17E40278D298}.release|x64.ActiveCfg = release|x64
		{1108C082-ECBA-3523-9ECD-17E40278D298}.release|x64.Build.0 = release|x64
		{E03B8FD9-3245-3992-928C-6B7129110AC9}.debug|x64.ActiveCfg = debug|x64
		{E03B8FD9-3245-3992-928C-6B7129110AC9}.debug|x64.Build.0 = debug|x64
		{E03B8FD9-3245-3992-928C-6B7129110AC9}.checked|x64.ActiveCfg = checked|x64
		{E03B8FD9-3245-3992-928C-6B7129110AC9}.checked|x64.Build.0 = checked|x64
		{E03B8FD9-3245-3992-928C-6B7129110AC9}.profile|x64.ActiveCfg = profile|x64
		{E03B8FD9-3245-3992-928C-6B7129110AC9}.profile|x64.Build.0 = profile|x64
		{E03B8FD9-3245-3992-928C-6B7129110AC9}.release|x64.ActiveCfg = release|x64
		{E03B8FD9-3245-3992-928C-6B7129110AC9}.release|x64.Build.0 = release|x64
		{7384C5AC-4C4F-3C8C-9C66-FFFCA0C1BAA0}.debug|x64.ActiveCfg = debug|x64
		{7384C5AC-4C4F-3C8C-9C66-FFFCA0C1BAA0}.debug|x64.Build.0 = debug|x64
		{7384C5AC-4C4F-3C8C-9C66-FFFCA0C1BAA0}.checked|x64.ActiveCfg = checked|x64
		{7384C5AC-4C4F-3C8C-9C66-FFFCA0C1BAA0}.checked|x64.Build.0 = checked|x64
		{7384C5AC-4C4F-3C8C-9C66-FFFCA0C1BAA0}.profile|x64.ActiveCfg = profile|x64
		{7384C5AC-4C4F-3C8C-9C66-FFFCA0C1BAA0}.profile|x64.Build.0 = profile|x64
		{7384C5AC-4C4F-3C8C-9C66-FFFCA0C1BAA0}.release|x64.ActiveCfg = release|x64
		{7384C5AC-4C4F-3C8C-9C66-FFFCA0C1BAA0}.release|x64.Build.0 = release|x64
		{3EA572F9-36C8-3DE1-9C7C-D8831890B7E9}.debug|x64.ActiveCfg = debug|x64
		{3EA572F9-36C8-3DE1-9C7C-D8831890B7E9}.debug|x64.Build.0 = debug|x64
		{3EA572F9-36C8-3DE1-9C7C-D8831890B7E9}.checked|x64.ActiveCfg = checked|x64
		{3EA572F9-36C8-3DE1-9C7C-D8831890B7E9}.checked|x64.Build.0 = checked|x64
		{3EA572F9-36C8-3DE1-9C7C-D8831890B7E9}.profile|x64.ActiveCfg = profile|x64
		{3EA572F9-36C8-3DE1-9C7C-D8831890B7E9}.profile|x64.Build.0 = profile|x64
		{3EA572F9-36C8-3DE1-9C7C-D8831890B7E9}.release|x64.ActiveCfg = release|x64
		{3EA572F9-36C8-3DE1-9C7C-D8831890B7E9}.release|x64.Build.0 = release|x64
		{EC93EC99-2E92-38F0-BE1A-10AB6FDFF2F7}.debug|x64.ActiveCfg = debug|x64
		{EC93EC99-2E92-38F0-BE1A-10AB6FDFF2F7}.debug|x64.Build.0 = debug|x64
		{EC93EC99-2E92-38F0-BE1A-10AB6FDFF2F7}.checked|x64.ActiveCfg = checked|x64
		{EC93EC99-2E92-38F0-BE1A-10AB6FDFF2F7}.checked|x64.Build.0 = checked|x64
		{EC93EC99-2E92-38F0-BE1A-10AB6FDFF2F7}.profile|x64.ActiveCfg = profile|x64
		{EC93EC99-2E92-38F0-BE1A-10AB6FDFF2F7}.profile|x64.Build.0 = profile|x64
		{EC93EC99-2E92-38F0-BE1A-10AB6FDFF2F7}.release|x64.ActiveCfg = release|x64
		{EC93EC99-2E92-38F0-BE1A-10AB6FDFF2F7}.release|x64.Build.0 = release|x64
		{D7523671-9DC3-3980-92B6-09C05DD235EF}.debug|x64.ActiveCfg = debug|x64
		{D7523671-9DC3-3980-92B6-09C05DD235EF}.debug|x64.Build.0 = debug|x64
		{D7523671-9DC3-3980-92B6-09C05DD235EF}.checked|x64.ActiveCfg = checked|x64
		{D7523671-9DC3-3980-92B6-09C05DD235EF}.checked|x64.Build.0 = checked|x64
		{D7523671-9DC3-3980-92B6-09C05DD235EF}.profile|x64.ActiveCfg = profile|x64
		{D7523671-9DC3-3980-92B6-09C05DD235EF}.profile|x64.Build.0 = profile|x64
		{D7523671-9DC3-3980-92B6-09C05DD235EF}.release|x64.ActiveCfg = release|x64
		{D7523671-9DC3-3980-92B6-09C05DD235EF}.release|x64.Build.0 = release|x64
		{D74C8A41-D8E2-3062-B13A-26D0D395E9F9}.debug|x64.ActiveCfg = debug|x64
		{D74C8A41-D8E2-3062-B13A-26D0D395E9F9}.debug|x64.Build.0 = debug|x64
		{D74C8A41-D8E2-3062-B13A-26D0D395E9F9}.checked|x64.ActiveCfg = checked|x64
		{D74C8A41-D8E2-3062-B13A-26D0D395E9F9}.checked|x64.Build.0 = checked|x64
		{D74C8A41-D8E2-3062-B13A-26D0D395E9F9}.profile|x64.ActiveCfg = profile|x64
		{D74C8A41-D8E2-3062-B13A-26D0D395E9F9}.profile|x64.Build.0 = profile|x64
		{D74C8A41-D8E2-3062-B13A-26D0D395E9F9}.release|x64.ActiveCfg = release|x64
		{D74C8A41-D8E2-3062-B13A-26D0D395E9F9}.release|x64.Build.0 = release|x64
		{83FEF980-F8E0-348A-98E6-2A84449C4AC1}.debug|x64.ActiveCfg = debug|x64
		{83FEF980-F8E0-348A-98E6-2A84449C4AC1}.debug|x64.Build.0 = debug|x64
		{83FEF980-F8E0-348A-98E6-2A84449C4AC1}.checked|x64.ActiveCfg = checked|x64
		{83FEF980-F8E0-348A-98E6-2A84449C4AC1}.checked|x64.Build.0 = checked|x64
		{83FEF980-F8E0-348A-98E6-2A84449C4AC1}.profile|x64.ActiveCfg = profile|x64
		{83FEF980-F8E0-348A-98E6-2A84449C4AC1}.profile|x64.Build.0 = profile|x64
		{83FEF980-F8E0-348A-98E6-2A84449C4AC1}.release|x64.ActiveCfg = release|x64
		{83FEF980-F8E0-348A-98E6-2A84449C4AC1}.release|x64.Build.0 = release|x64
		{800B824D-987E-34B5-95BF-23F59200E5CB}.debug|x64.ActiveCfg = debug|x64
		{800B824D-987E-34B5-95BF-23F59200E5CB}.debug|x64.Build.0 = debug|x64
		{800B824D-987E-34B5-95BF-23F59200E5CB}.checked|x64.ActiveCfg = checked|x64
		{800B824D-987E-34B5-95BF-23F59200E5CB}.checked|x64.Build.0 = checked|x64
		{800B824D-987E-34B5-95BF-23F59200E5CB}.profile|x64.ActiveCfg = profile|x64
		{800B824D-987E-34B5-95BF-23F59200E5CB}.profile|x64.Build.0 = profile|x64
		{800B824D-987E-34B5-95BF-23F59200E5CB}.release|x64.ActiveCfg = release|x64
		{800B824D-987E-34B5-95BF-23F59200E5CB}.release|x64.Build.0 = release|x64
		{34A119B0-3239-371F-8F55-19826B5E06AE}.debug|x64.ActiveCfg = debug|x64
		{34A119B0-3239-371F-8F55-19826B5E06AE}.debug|x64.Build.0 = debug|x64
		{34A119B0-3239-371F-8F55-19826B5E06AE}.checked|x64.ActiveCfg = checked|x64
		{34A119B0-3239-371F-8F55-19826B5E06AE}.checked|x64.Build.0 = checked|x64
		{34A119B0-3239-371F-8F55-19826B5E06AE}.profile|x64.ActiveCfg = profile|x64
		{34A119B0-3239-371F-8F55-19826B5E06AE}.profile|x64.Build.0 = profile|x64
		{34A119B0-3239-371F-8F55-19826B5E06AE}.release|x64.ActiveCfg = release|x64
		{34A119B0-3239-371F-8F55-19826B5E06AE}.release|x64.Build.0 = release|x64
		{58D5250B-0904-3BC0-91D3-A07854815A6F}.debug|x64.ActiveCfg = debug|x64
		{58D5250B-0904-3BC0-91D3-A07854815A6F}.debug|x64.Build.0 = debug|x64
		{58D5250B-0904-3BC0-91D3-A07854815A6F}.checked|x64.ActiveCfg = checked|x64
		{58D5250B-0904-3BC0-91D3-A07854815A6F}.checked|x64.Build.0 = checked|x64
		{58D5250B-0904-3BC0-91D3-A07854815A6F}.profile|x64.ActiveCfg = profile|x64
		{58D5250B-0904-3BC0-91D3-A07854815A6F}.profile|x64.Build.0 = profile|x64
		{58D5250B-0904-3BC0-91D3-A07854815A6F}.release|x64.ActiveCfg = release|x64
		{58D5250B-0904-3BC0-91D3-A07854815A6F}.release|x64.Build.0 = release|x64
		{54D01470-14EC-3102-876F-FF640AA178ED}.debug|x64.ActiveCfg = debug|x64
		{54D01470-14EC-3102-876F-FF640AA178ED}.debug|x64.Build.0 = debug|x64
		{54D01470-14EC-3102-876F-FF640AA178ED}.checked|x64.ActiveCfg = checked|x64
		{54D01470-14EC-3102-876F-FF640AA178ED}.checked|x64.Build.0 = checked|x64
		{54D01470-14EC-3102-876F-FF640AA178ED}.profile|x64.ActiveCfg = profile|x64
		{54D01470-14EC-3102-876F-FF640AA178ED}.profile|x64.Build.0 = profile|x64
		{54D01470-14EC-3102-876F-FF640AA178ED}.release|x64.ActiveCfg = release|x64
		{54D01470-14EC-3102-876F-FF640AA178ED}.release|x64.Build.0 = release|x64
		{A62AFFA5-F4F5-324F-9742-0CC02F2336EC}.debug|x64.ActiveCfg = debug|x64
		{A62AFFA5-F4F5-324F-9742-0CC02F2336EC}.debug|x64.Build.0 = debug|x64
		{A62AFFA5-F4F5-324F-9742-0CC02F2336EC}.checked|x64.ActiveCfg = checked|x64
		{A62AFFA5-F4F5-324F-9742-0CC02F2336EC}.checked|x64.Build.0 = checked|x64
		{A62AFFA5-F4F5-324F-9742-0CC02F2336EC}.profile|x64.ActiveCfg = profile|x64
		{A62AFFA5-F4F5-324F-9742-0CC02F2336EC}.profile|x64.Build.0 = profile|x64
		{A62AFFA5-F4F5-324F-9742-0CC02F2336EC}.release|x64.ActiveCfg = release|x64
		{A62AFFA5-F4F5-324F-9742-0CC02F2336EC}.release|x64.Build.0 = release|x64
		{C19580F3-24FC-349E-98BF-43B09C68FC7F}.debug|x64.ActiveCfg = debug|x64
		{C19580F3-24FC-349E-98BF-43B09C68FC7F}.debug|x64.Build.0 = debug|x64
		{C19580F3-24FC-349E-98BF-43B09C68FC7F}.checked|x64.ActiveCfg = checked|x64
		{C19580F3-24FC-349E-98BF-43B09C68FC7F}.checked|x64.Build.0 = checked|x64
		{C19580F3-24FC-349E-98BF-43B09C68FC7F}.profile|x64.ActiveCfg = profile|x64
		{C19580F3-24FC-349E-98BF-43B09C68FC7F}.profile|x64.Build.0 = profile|x64
		{C19580F3-24FC-349E-98BF-43B09C68FC7F}.release|x64.ActiveCfg = release|x64
		{C19580F3-24FC-349E-98BF-43B09C68FC7F}.release|x64.Build.0 = release|x64
		{8D37E5AB-6563-3E04-9B7B-59BC525774C7}.debug|x64.ActiveCfg = debug|x64
		{8D37E5AB-6563-3E04-9B7B-59BC525774C7}.debug|x64.Build.0 = debug|x64
		{8D37E5AB-6563-3E04-9B7B-59BC525774C7}.checked|x64.ActiveCfg = checked|x64
		{8D37E5AB-6563-3E04-9B7B-59BC525774C7}.checked|x64.Build.0 = checked|x64
		{8D37E5AB-6563-3E04-9B7B-59BC525774C7}.profile|x64.ActiveCfg = profile|x64
		{8D37E5AB-6563-3E04-9B7B-59BC525774C7}.profile|x64.Build.0 = profile|x64
		{8D37E5AB-6563-3E04-9B7B-59BC525774C7}.release|x64.ActiveCfg = release|x64
		{8D37E5AB-6563-3E04-9B7B-59BC525774C7}.release|x64.Build.0 = release|x64
		{5533E452-3716-3EDE-B825-E03F21A18C3D}.debug|x64.ActiveCfg = debug|x64
		{5533E452-3716-3EDE-B825-E03F21A18C3D}.debug|x64.Build.0 = debug|x64
		{5533E452-3716-3EDE-B825-E03F21A18C3D}.checked|x64.ActiveCfg = checked|x64
		{5533E452-3716-3EDE-B825-E03F21A18C3D}.checked|x64.Build.0 = checked|x64
		{5533E452-3716-3EDE-B825-E03F21A18C3D}.profile|x64.ActiveCfg = profile|x64
		{5533E452-3716-3EDE-B825-E03F21A18C3D}.profile|x64.Build.0 = profile|x64
		{5533E452-3716-3EDE-B825-E03F21A18C3D}.release|x64.ActiveCfg = release|x64
		{5533E452-3716-3EDE-B825-E03F21A18C3D}.release|x64.Build.0 = release|x64
		{F01FDF01-2DE9-3C0D-9C3B-6DA86E038ABF}.debug|x64.ActiveCfg = debug|x64
		{F01FDF01-2DE9-3C0D-9C3B-6DA86E038ABF}.debug|x64.Build.0 = debug|x64
		{F01FDF01-2DE9-3C0D-9C3B-6DA86E038ABF}.checked|x64.ActiveCfg = checked|x64
		{F01FDF01-2DE9-3C0D-9C3B-6DA86E038ABF}.checked|x64.Build.0 = checked|x64
		{F01FDF01-2DE9-3C0D-9C3B-6DA86E038ABF}.profile|x64.ActiveCfg = profile|x64
		{F01FDF01-2DE9-3C0D-9C3B-6DA86E038ABF}.profile|x64.Build.0 = profile|x64
		{F01FDF01-2DE9-3C0D-9C3B-6DA86E038ABF}.release|x64.ActiveCfg = release|x64
		{F01FDF01-2DE9-3C0D-9C3B-6DA86E038ABF}.release|x64.Build.0 = release|x64
		{4AF08E4D-A3CC-3282-88FD-55D1A0F84CC8}.debug|x64.ActiveCfg = debug|x64
		{4AF08E4D-A3CC-3282-88FD-55D1A0F84CC8}.debug|x64.Build.0 = debug|x64
		{4AF08E4D-A3CC-3282-88FD-55D1A0F84CC8}.checked|x64.ActiveCfg = checked|x64
		{4AF08E4D-A3CC-3282-88FD-55D1A0F84CC8}.checked|x64.Build.0 = checked|x64
		{4AF08E4D-A3CC-3282-88FD-55D1A0F84CC8}.profile|x64.ActiveCfg = profile|x64
		{4AF08E4D-A3CC-3282-88FD-55D1A0F84CC8}.profile|x64.Build.0 = profile|x64
		{4AF08E4D-A3CC-3282-88FD-55D1A0F84CC8}.release|x64.ActiveCfg = release|x64
		{4AF08E4D-A3CC-3282-88FD-55D1A0F84CC8}.release|x64.Build.0 = release|x64
		{9014525E-C4C3-3CE6-BC7D-CF3E7186CC66}.debug|x64.ActiveCfg = debug|x64
		{9014525E-C4C3-3CE6-BC7D-CF3E7186CC66}.debug|x64.Build.0 = debug|x64
		{9014525E-C4C3-3CE6-BC7D-CF3E7186CC66}.checked|x64.ActiveCfg = checked|x64
		{9014525E-C4C3-3CE6-BC7D-CF3E7186CC66}.checked|x64.Build.0 = checked|x64
		{9014525E-C4C3-3CE6-BC7D-CF3E7186CC66}.profile|x64.ActiveCfg = profile|x64
		{9014525E-C4C3-3CE6-BC7D-CF3E7186CC66}.profile|x64.Build.0 = profile|x64
		{9014525E-C4C3-3CE6-BC7D-CF3E7186CC66}.release|x64.ActiveCfg = release|x64
		{9014525E-C4C3-3CE6-BC7D-CF3E7186CC66}.release|x64.Build.0 = release|x64
	EndGlobalSection
	GlobalSection(NestedProjects) = preSolution
		{7A0860A6-2E5A-361D-8683-929AD22B5C86} = {C386C598-F2C7-330A-9398-D6F707215E91}
		{72C8D608-8FEE-3D9D-917A-D86AE02A786D} = {C386C598-F2C7-330A-9398-D6F707215E91}
		{9014525E-C4C3-3CE6-BC7D-CF3E7186CC66} = {C386C598-F2C7-330A-9398-D6F707215E91}
		{EB75E0D6-0DCA-3A1F-8513-FA55BF367CEE} = {F1DDB738-7E56-3A02-9CB4-B69323105726}
		{081E6B1F-0F35-3EC9-8151-1BFD28578740} = {F1DDB738-7E56-3A02-9CB4-B69323105726}
		{7A8F823F-49CD-364B-B9F5-278D61BA47E6} = {F1DDB738-7E56-3A02-9CB4-B69323105726}
		{1108C082-ECBA-3523-9ECD-17E40278D298} = {F1DDB738-7E56-3A02-9CB4-B69323105726}
		{E03B8FD9-3245-3992-928C-6B7129110AC9} = {F1DDB738-7E56-3A02-9CB4-B69323105726}
		{7384C5AC-4C4F-3C8C-9C66-FFFCA0C1BAA0} = {F1DDB738-7E56-3A02-9CB4-B69323105726}
		{3EA572F9-36C8-3DE1-9C7C-D8831890B7E9} = {F1DDB738-7E56-3A02-9CB4-B69323105726}
		{EC93EC99-2E92-38F0-BE1A-10AB6FDFF2F7} = {F1DDB738-7E56-3A02-9CB4-B69323105726}
		{D7523671-9DC3-3980-92B6-09C05DD235EF} = {F1DDB738-7E56-3A02-9CB4-B69323105726}
		{D74C8A41-D8E2-3062-B13A-26D0D395E9F9} = {F1DDB738-7E56-3A02-9CB4-B69323105726}
		{83FEF980-F8E0-348A-98E6-2A84449C4AC1} = {F1DDB738-7E56-3A02-9CB4-B69323105726}
		{800B824D-987E-34B5-95BF-23F59200E5CB} = {F1DDB738-7E56-3A02-9CB4-B69323105726}
		{34A119B0-3239-371F-8F55-19826B5E06AE} = {F1DDB738-7E56-3A02-9CB4-B69323105726}
		{F01FDF01-2DE9-3C0D-9C3B-6DA86E038ABF} = {F1DDB738-7E56-3A02-9CB4-B69323105726}
		{4AF08E4D-A3CC-3282-88FD-55D1A0F84CC8} = {F1DDB738-7E56-3A02-9CB4-B69323105726}
		{032B2D2A-125E-3F3F-B5E4-F5929BDFE64D} = {C131B22E-2D06-3595-B21A-BD554C029B08}
		{5533E452-3716-3EDE-B825-E03F21A18C3D} = {C131B22E-2D06-3595-B21A-BD554C029B08}
		{58D5250B-0904-3BC0-91D3-A07854815A6F} = {032B2D2A-125E-3F3F-B5E4-F5929BDFE64D}
		{54D01470-14EC-3102-876F-FF640AA178ED} = {032B2D2A-125E-3F3F-B5E4-F5929BDFE64D}
		{A62AFFA5-F4F5-324F-9742-0CC02F2336EC} = {032B2D2A-125E-3F3F-B5E4-F5929BDFE64D}
		{C19580F3-24FC-349E-98BF-43B09C68FC7F} = {032B2D2A-125E-3F3F-B5E4-F5929BDFE64D}
		{8D37E5AB-6563-3E04-9B7B-59BC525774C7} = {032B2D2A-125E-3F3F-B5E4-F5929BDFE64D}
	EndGlobalSection
	GlobalSection(ExtensibilityGlobals) = postSolution
		SolutionGuid = {408EF53B-7EA0-3572-AA23-9A0B864A78BA}
	EndGlobalSection
	GlobalSection(ExtensibilityAddIns) = postSolution
	EndGlobalSection
EndGlobal
