<?xml version="1.0" encoding="utf-8"?>
<Project ToolsVersion="16.0" xmlns="http://schemas.microsoft.com/developer/msbuild/2003">
  <ItemGroup>
    <ClCompile Include="C:\GameDev\UnrealTournament\External\PhysX\physx\source\fastxml\src\PsFastXml.cpp">
      <Filter>src</Filter>
    </ClCompile>
  </ItemGroup>
  <ItemGroup>
    <ClInclude Include="C:\GameDev\UnrealTournament\External\PhysX\physx\source\fastxml\include\PsFastXml.h">
      <Filter>include</Filter>
    </ClInclude>
  </ItemGroup>
  <ItemGroup>
    <CustomBuild Include="C:\GameDev\UnrealTournament\External\PhysX\physx\source\compiler\cmake\CMakeLists.txt" />
  </ItemGroup>
  <ItemGroup>
    <Filter Include="include">
      <UniqueIdentifier>{C260D107-28C3-344A-A372-92D0FA59AA1A}</UniqueIdentifier>
    </Filter>
    <Filter Include="src">
      <UniqueIdentifier>{9095CD10-7035-3FC3-9551-2CE3122E6312}</UniqueIdentifier>
    </Filter>
  </ItemGroup>
</Project>
