<?xml version="1.0" encoding="utf-8"?>
<Project ToolsVersion="16.0" xmlns="http://schemas.microsoft.com/developer/msbuild/2003">
  <ItemGroup>
    <ClCompile Include="C:\GameDev\UnrealTournament\External\PhysX\physx\source\physxvehicle\src\PxVehicleComponents.cpp">
      <Filter>src</Filter>
    </ClCompile>
    <ClCompile Include="C:\GameDev\UnrealTournament\External\PhysX\physx\source\physxvehicle\src\PxVehicleDrive.cpp">
      <Filter>src</Filter>
    </ClCompile>
    <ClCompile Include="C:\GameDev\UnrealTournament\External\PhysX\physx\source\physxvehicle\src\PxVehicleDrive4W.cpp">
      <Filter>src</Filter>
    </ClCompile>
    <ClCompile Include="C:\GameDev\UnrealTournament\External\PhysX\physx\source\physxvehicle\src\PxVehicleDriveNW.cpp">
      <Filter>src</Filter>
    </ClCompile>
    <ClCompile Include="C:\GameDev\UnrealTournament\External\PhysX\physx\source\physxvehicle\src\PxVehicleDriveTank.cpp">
      <Filter>src</Filter>
    </ClCompile>
    <ClCompile Include="C:\GameDev\UnrealTournament\External\PhysX\physx\source\physxvehicle\src\PxVehicleMetaData.cpp">
      <Filter>src</Filter>
    </ClCompile>
    <ClCompile Include="C:\GameDev\UnrealTournament\External\PhysX\physx\source\physxvehicle\src\PxVehicleNoDrive.cpp">
      <Filter>src</Filter>
    </ClCompile>
    <ClCompile Include="C:\GameDev\UnrealTournament\External\PhysX\physx\source\physxvehicle\src\PxVehicleSDK.cpp">
      <Filter>src</Filter>
    </ClCompile>
    <ClCompile Include="C:\GameDev\UnrealTournament\External\PhysX\physx\source\physxvehicle\src\PxVehicleSerialization.cpp">
      <Filter>src</Filter>
    </ClCompile>
    <ClCompile Include="C:\GameDev\UnrealTournament\External\PhysX\physx\source\physxvehicle\src\PxVehicleSuspWheelTire4.cpp">
      <Filter>src</Filter>
    </ClCompile>
    <ClCompile Include="C:\GameDev\UnrealTournament\External\PhysX\physx\source\physxvehicle\src\PxVehicleTireFriction.cpp">
      <Filter>src</Filter>
    </ClCompile>
    <ClCompile Include="C:\GameDev\UnrealTournament\External\PhysX\physx\source\physxvehicle\src\PxVehicleUpdate.cpp">
      <Filter>src</Filter>
    </ClCompile>
    <ClCompile Include="C:\GameDev\UnrealTournament\External\PhysX\physx\source\physxvehicle\src\PxVehicleWheels.cpp">
      <Filter>src</Filter>
    </ClCompile>
    <ClCompile Include="C:\GameDev\UnrealTournament\External\PhysX\physx\source\physxvehicle\src\VehicleUtilControl.cpp">
      <Filter>src</Filter>
    </ClCompile>
    <ClCompile Include="C:\GameDev\UnrealTournament\External\PhysX\physx\source\physxvehicle\src\VehicleUtilSetup.cpp">
      <Filter>src</Filter>
    </ClCompile>
    <ClCompile Include="C:\GameDev\UnrealTournament\External\PhysX\physx\source\physxvehicle\src\VehicleUtilTelemetry.cpp">
      <Filter>src</Filter>
    </ClCompile>
    <ClCompile Include="C:\GameDev\UnrealTournament\External\PhysX\physx\source\physxvehicle\src\physxmetadata\src\PxVehicleAutoGeneratedMetaDataObjects.cpp">
      <Filter>metadata\src</Filter>
    </ClCompile>
    <ClCompile Include="C:\GameDev\UnrealTournament\External\PhysX\physx\source\physxvehicle\src\physxmetadata\src\PxVehicleMetaDataObjects.cpp">
      <Filter>metadata\src</Filter>
    </ClCompile>
  </ItemGroup>
  <ItemGroup>
    <ClInclude Include="C:\GameDev\UnrealTournament\External\PhysX\physx\source\physxvehicle\src\PxVehicleDefaults.h">
      <Filter>src</Filter>
    </ClInclude>
    <ClInclude Include="C:\GameDev\UnrealTournament\External\PhysX\physx\source\physxvehicle\src\PxVehicleLinearMath.h">
      <Filter>src</Filter>
    </ClInclude>
    <ClInclude Include="C:\GameDev\UnrealTournament\External\PhysX\physx\source\physxvehicle\src\PxVehicleSerialization.h">
      <Filter>src</Filter>
    </ClInclude>
    <ClInclude Include="C:\GameDev\UnrealTournament\External\PhysX\physx\source\physxvehicle\src\PxVehicleSuspLimitConstraintShader.h">
      <Filter>src</Filter>
    </ClInclude>
    <ClInclude Include="C:\GameDev\UnrealTournament\External\PhysX\physx\source\physxvehicle\src\PxVehicleSuspWheelTire4.h">
      <Filter>src</Filter>
    </ClInclude>
    <ClInclude Include="C:\GameDev\UnrealTournament\External\PhysX\physx\include\vehicle\PxVehicleComponents.h">
      <Filter>include</Filter>
    </ClInclude>
    <ClInclude Include="C:\GameDev\UnrealTournament\External\PhysX\physx\include\vehicle\PxVehicleDrive.h">
      <Filter>include</Filter>
    </ClInclude>
    <ClInclude Include="C:\GameDev\UnrealTournament\External\PhysX\physx\include\vehicle\PxVehicleDrive4W.h">
      <Filter>include</Filter>
    </ClInclude>
    <ClInclude Include="C:\GameDev\UnrealTournament\External\PhysX\physx\include\vehicle\PxVehicleDriveNW.h">
      <Filter>include</Filter>
    </ClInclude>
    <ClInclude Include="C:\GameDev\UnrealTournament\External\PhysX\physx\include\vehicle\PxVehicleDriveTank.h">
      <Filter>include</Filter>
    </ClInclude>
    <ClInclude Include="C:\GameDev\UnrealTournament\External\PhysX\physx\include\vehicle\PxVehicleNoDrive.h">
      <Filter>include</Filter>
    </ClInclude>
    <ClInclude Include="C:\GameDev\UnrealTournament\External\PhysX\physx\include\vehicle\PxVehicleSDK.h">
      <Filter>include</Filter>
    </ClInclude>
    <ClInclude Include="C:\GameDev\UnrealTournament\External\PhysX\physx\include\vehicle\PxVehicleShaders.h">
      <Filter>include</Filter>
    </ClInclude>
    <ClInclude Include="C:\GameDev\UnrealTournament\External\PhysX\physx\include\vehicle\PxVehicleTireFriction.h">
      <Filter>include</Filter>
    </ClInclude>
    <ClInclude Include="C:\GameDev\UnrealTournament\External\PhysX\physx\include\vehicle\PxVehicleUpdate.h">
      <Filter>include</Filter>
    </ClInclude>
    <ClInclude Include="C:\GameDev\UnrealTournament\External\PhysX\physx\include\vehicle\PxVehicleUtil.h">
      <Filter>include</Filter>
    </ClInclude>
    <ClInclude Include="C:\GameDev\UnrealTournament\External\PhysX\physx\include\vehicle\PxVehicleUtilControl.h">
      <Filter>include</Filter>
    </ClInclude>
    <ClInclude Include="C:\GameDev\UnrealTournament\External\PhysX\physx\include\vehicle\PxVehicleUtilSetup.h">
      <Filter>include</Filter>
    </ClInclude>
    <ClInclude Include="C:\GameDev\UnrealTournament\External\PhysX\physx\include\vehicle\PxVehicleUtilTelemetry.h">
      <Filter>include</Filter>
    </ClInclude>
    <ClInclude Include="C:\GameDev\UnrealTournament\External\PhysX\physx\include\vehicle\PxVehicleWheels.h">
      <Filter>include</Filter>
    </ClInclude>
    <ClInclude Include="C:\GameDev\UnrealTournament\External\PhysX\physx\source\physxvehicle\src\physxmetadata\include\PxVehicleAutoGeneratedMetaDataObjectNames.h">
      <Filter>metadata\include</Filter>
    </ClInclude>
    <ClInclude Include="C:\GameDev\UnrealTournament\External\PhysX\physx\source\physxvehicle\src\physxmetadata\include\PxVehicleAutoGeneratedMetaDataObjects.h">
      <Filter>metadata\include</Filter>
    </ClInclude>
    <ClInclude Include="C:\GameDev\UnrealTournament\External\PhysX\physx\source\physxvehicle\src\physxmetadata\include\PxVehicleMetaDataObjects.h">
      <Filter>metadata\include</Filter>
    </ClInclude>
  </ItemGroup>
  <ItemGroup>
    <CustomBuild Include="C:\GameDev\UnrealTournament\External\PhysX\physx\source\compiler\cmake\CMakeLists.txt" />
  </ItemGroup>
  <ItemGroup>
    <Filter Include="include">
      <UniqueIdentifier>{B89FAE50-4948-3D1D-9119-DD6316E000CA}</UniqueIdentifier>
    </Filter>
    <Filter Include="metadata">
      <UniqueIdentifier>{F4A1DD29-7D66-345D-8805-502F3A032B83}</UniqueIdentifier>
    </Filter>
    <Filter Include="metadata\include">
      <UniqueIdentifier>{2450B857-AC19-3BBC-AA5D-6F6BE63FD316}</UniqueIdentifier>
    </Filter>
    <Filter Include="metadata\src">
      <UniqueIdentifier>{F11E0A3B-01AB-3189-A28C-AEFC937F267E}</UniqueIdentifier>
    </Filter>
    <Filter Include="src">
      <UniqueIdentifier>{43BB2B02-CEDF-3AAB-817A-64BD5D8EFD47}</UniqueIdentifier>
    </Filter>
  </ItemGroup>
</Project>
