<?xml version="1.0" encoding="utf-8"?>
<Project ToolsVersion="16.0" xmlns="http://schemas.microsoft.com/developer/msbuild/2003">
  <ItemGroup>
    <ClCompile Include="C:\GameDev\UnrealTournament\External\PhysX\physx\source\physxcooking\src\Adjacencies.cpp">
      <Filter>src</Filter>
    </ClCompile>
    <ClCompile Include="C:\GameDev\UnrealTournament\External\PhysX\physx\source\physxcooking\src\Cooking.cpp">
      <Filter>src</Filter>
    </ClCompile>
    <ClCompile Include="C:\GameDev\UnrealTournament\External\PhysX\physx\source\physxcooking\src\CookingUtils.cpp">
      <Filter>src</Filter>
    </ClCompile>
    <ClCompile Include="C:\GameDev\UnrealTournament\External\PhysX\physx\source\physxcooking\src\EdgeList.cpp">
      <Filter>src</Filter>
    </ClCompile>
    <ClCompile Include="C:\GameDev\UnrealTournament\External\PhysX\physx\source\physxcooking\src\MeshCleaner.cpp">
      <Filter>src</Filter>
    </ClCompile>
    <ClCompile Include="C:\GameDev\UnrealTournament\External\PhysX\physx\source\physxcooking\src\Quantizer.cpp">
      <Filter>src</Filter>
    </ClCompile>
    <ClCompile Include="C:\GameDev\UnrealTournament\External\PhysX\physx\source\physxcooking\src\BVHStructureBuilder.cpp">
      <Filter>src</Filter>
    </ClCompile>
    <ClCompile Include="C:\GameDev\UnrealTournament\External\PhysX\physx\source\physxcooking\src\mesh\HeightFieldCooking.cpp">
      <Filter>src\mesh</Filter>
    </ClCompile>
    <ClCompile Include="C:\GameDev\UnrealTournament\External\PhysX\physx\source\physxcooking\src\mesh\RTreeCooking.cpp">
      <Filter>src\mesh</Filter>
    </ClCompile>
    <ClCompile Include="C:\GameDev\UnrealTournament\External\PhysX\physx\source\physxcooking\src\mesh\MeshBuilder.cpp">
      <Filter>src\mesh</Filter>
    </ClCompile>
    <ClCompile Include="C:\GameDev\UnrealTournament\External\PhysX\physx\source\physxcooking\src\mesh\TriangleMeshBuilder.cpp">
      <Filter>src\mesh</Filter>
    </ClCompile>
    <ClCompile Include="C:\GameDev\UnrealTournament\External\PhysX\physx\source\physxcooking\src\mesh\GrbTriangleMeshCooking.cpp">
      <Filter>src\mesh</Filter>
    </ClCompile>
    <ClCompile Include="C:\GameDev\UnrealTournament\External\PhysX\physx\source\physxcooking\src\convex\BigConvexDataBuilder.cpp">
      <Filter>src\convex</Filter>
    </ClCompile>
    <ClCompile Include="C:\GameDev\UnrealTournament\External\PhysX\physx\source\physxcooking\src\convex\ConvexHullBuilder.cpp">
      <Filter>src\convex</Filter>
    </ClCompile>
    <ClCompile Include="C:\GameDev\UnrealTournament\External\PhysX\physx\source\physxcooking\src\convex\ConvexHullLib.cpp">
      <Filter>src\convex</Filter>
    </ClCompile>
    <ClCompile Include="C:\GameDev\UnrealTournament\External\PhysX\physx\source\physxcooking\src\convex\ConvexHullUtils.cpp">
      <Filter>src\convex</Filter>
    </ClCompile>
    <ClCompile Include="C:\GameDev\UnrealTournament\External\PhysX\physx\source\physxcooking\src\convex\ConvexMeshBuilder.cpp">
      <Filter>src\convex</Filter>
    </ClCompile>
    <ClCompile Include="C:\GameDev\UnrealTournament\External\PhysX\physx\source\physxcooking\src\convex\ConvexPolygonsBuilder.cpp">
      <Filter>src\convex</Filter>
    </ClCompile>
    <ClCompile Include="C:\GameDev\UnrealTournament\External\PhysX\physx\source\physxcooking\src\convex\QuickHullConvexHullLib.cpp">
      <Filter>src\convex</Filter>
    </ClCompile>
    <ClCompile Include="C:\GameDev\UnrealTournament\External\PhysX\physx\source\physxcooking\src\convex\VolumeIntegration.cpp">
      <Filter>src\convex</Filter>
    </ClCompile>
    <ClCompile Include="C:\GameDev\UnrealTournament\External\PhysX\physx\source\physxcooking\src\windows\WindowsCookingDelayLoadHook.cpp">
      <Filter>src\windows</Filter>
    </ClCompile>
  </ItemGroup>
  <ItemGroup>
    <ClInclude Include="C:\GameDev\UnrealTournament\External\PhysX\physx\include\cooking\PxBVH33MidphaseDesc.h">
      <Filter>include</Filter>
    </ClInclude>
    <ClInclude Include="C:\GameDev\UnrealTournament\External\PhysX\physx\include\cooking\PxBVH34MidphaseDesc.h">
      <Filter>include</Filter>
    </ClInclude>
    <ClInclude Include="C:\GameDev\UnrealTournament\External\PhysX\physx\include\cooking\Pxc.h">
      <Filter>include</Filter>
    </ClInclude>
    <ClInclude Include="C:\GameDev\UnrealTournament\External\PhysX\physx\include\cooking\PxConvexMeshDesc.h">
      <Filter>include</Filter>
    </ClInclude>
    <ClInclude Include="C:\GameDev\UnrealTournament\External\PhysX\physx\include\cooking\PxCooking.h">
      <Filter>include</Filter>
    </ClInclude>
    <ClInclude Include="C:\GameDev\UnrealTournament\External\PhysX\physx\include\cooking\PxMidphaseDesc.h">
      <Filter>include</Filter>
    </ClInclude>
    <ClInclude Include="C:\GameDev\UnrealTournament\External\PhysX\physx\include\cooking\PxTriangleMeshDesc.h">
      <Filter>include</Filter>
    </ClInclude>
    <ClInclude Include="C:\GameDev\UnrealTournament\External\PhysX\physx\include\cooking\PxBVHStructureDesc.h">
      <Filter>include</Filter>
    </ClInclude>
    <ClInclude Include="C:\GameDev\UnrealTournament\External\PhysX\physx\source\physxcooking\src\Adjacencies.h">
      <Filter>src</Filter>
    </ClInclude>
    <ClInclude Include="C:\GameDev\UnrealTournament\External\PhysX\physx\source\physxcooking\src\Cooking.h">
      <Filter>src</Filter>
    </ClInclude>
    <ClInclude Include="C:\GameDev\UnrealTournament\External\PhysX\physx\source\physxcooking\src\CookingUtils.h">
      <Filter>src</Filter>
    </ClInclude>
    <ClInclude Include="C:\GameDev\UnrealTournament\External\PhysX\physx\source\physxcooking\src\EdgeList.h">
      <Filter>src</Filter>
    </ClInclude>
    <ClInclude Include="C:\GameDev\UnrealTournament\External\PhysX\physx\source\physxcooking\src\MeshCleaner.h">
      <Filter>src</Filter>
    </ClInclude>
    <ClInclude Include="C:\GameDev\UnrealTournament\External\PhysX\physx\source\physxcooking\src\Quantizer.h">
      <Filter>src</Filter>
    </ClInclude>
    <ClInclude Include="C:\GameDev\UnrealTournament\External\PhysX\physx\source\physxcooking\src\BVHStructureBuilder.h">
      <Filter>src</Filter>
    </ClInclude>
    <ClInclude Include="C:\GameDev\UnrealTournament\External\PhysX\physx\source\physxcooking\src\mesh\GrbTriangleMeshCooking.h">
      <Filter>src\mesh</Filter>
    </ClInclude>
    <ClInclude Include="C:\GameDev\UnrealTournament\External\PhysX\physx\source\physxcooking\src\mesh\HeightFieldCooking.h">
      <Filter>src\mesh</Filter>
    </ClInclude>
    <ClInclude Include="C:\GameDev\UnrealTournament\External\PhysX\physx\source\physxcooking\src\mesh\QuickSelect.h">
      <Filter>src\mesh</Filter>
    </ClInclude>
    <ClInclude Include="C:\GameDev\UnrealTournament\External\PhysX\physx\source\physxcooking\src\mesh\RTreeCooking.h">
      <Filter>src\mesh</Filter>
    </ClInclude>
    <ClInclude Include="C:\GameDev\UnrealTournament\External\PhysX\physx\source\physxcooking\src\mesh\MeshBuilder.h">
      <Filter>src\mesh</Filter>
    </ClInclude>
    <ClInclude Include="C:\GameDev\UnrealTournament\External\PhysX\physx\source\physxcooking\src\mesh\TriangleMeshBuilder.h">
      <Filter>src\mesh</Filter>
    </ClInclude>
    <ClInclude Include="C:\GameDev\UnrealTournament\External\PhysX\physx\source\physxcooking\src\convex\BigConvexDataBuilder.h">
      <Filter>src\convex</Filter>
    </ClInclude>
    <ClInclude Include="C:\GameDev\UnrealTournament\External\PhysX\physx\source\physxcooking\src\convex\ConvexHullBuilder.h">
      <Filter>src\convex</Filter>
    </ClInclude>
    <ClInclude Include="C:\GameDev\UnrealTournament\External\PhysX\physx\source\physxcooking\src\convex\ConvexHullLib.h">
      <Filter>src\convex</Filter>
    </ClInclude>
    <ClInclude Include="C:\GameDev\UnrealTournament\External\PhysX\physx\source\physxcooking\src\convex\ConvexHullUtils.h">
      <Filter>src\convex</Filter>
    </ClInclude>
    <ClInclude Include="C:\GameDev\UnrealTournament\External\PhysX\physx\source\physxcooking\src\convex\ConvexMeshBuilder.h">
      <Filter>src\convex</Filter>
    </ClInclude>
    <ClInclude Include="C:\GameDev\UnrealTournament\External\PhysX\physx\source\physxcooking\src\convex\ConvexPolygonsBuilder.h">
      <Filter>src\convex</Filter>
    </ClInclude>
    <ClInclude Include="C:\GameDev\UnrealTournament\External\PhysX\physx\source\physxcooking\src\convex\QuickHullConvexHullLib.h">
      <Filter>src\convex</Filter>
    </ClInclude>
    <ClInclude Include="C:\GameDev\UnrealTournament\External\PhysX\physx\source\physxcooking\src\convex\VolumeIntegration.h">
      <Filter>src\convex</Filter>
    </ClInclude>
  </ItemGroup>
  <ItemGroup>
    <CustomBuild Include="C:\GameDev\UnrealTournament\External\PhysX\physx\source\compiler\cmake\CMakeLists.txt" />
  </ItemGroup>
  <ItemGroup>
    <ResourceCompile Include="C:\GameDev\UnrealTournament\External\PhysX\physx\source\compiler\resource_x86\PhysXCooking.rc">
      <Filter>resource</Filter>
    </ResourceCompile>
  </ItemGroup>
  <ItemGroup>
    <Filter Include="include">
      <UniqueIdentifier>{B89FAE50-4948-3D1D-9119-DD6316E000CA}</UniqueIdentifier>
    </Filter>
    <Filter Include="resource">
      <UniqueIdentifier>{456D97DF-DD2C-35F2-90F8-B07B31112E07}</UniqueIdentifier>
    </Filter>
    <Filter Include="src">
      <UniqueIdentifier>{43BB2B02-CEDF-3AAB-817A-64BD5D8EFD47}</UniqueIdentifier>
    </Filter>
    <Filter Include="src\convex">
      <UniqueIdentifier>{F4563246-A2B6-39C0-8DCC-4FC7C317A5C6}</UniqueIdentifier>
    </Filter>
    <Filter Include="src\mesh">
      <UniqueIdentifier>{BFFF6336-D2FF-325E-BFC4-EFBF09C7A8FC}</UniqueIdentifier>
    </Filter>
    <Filter Include="src\windows">
      <UniqueIdentifier>{A7CF43ED-6808-358A-A7A0-5008556AF500}</UniqueIdentifier>
    </Filter>
  </ItemGroup>
</Project>
