
Microsoft Visual Studio Solution File, Format Version 12.00
# Visual Studio Version 16
Project("{2150E333-8FDC-42A3-9474-1A3956D46DE8}") = "CMakePredefinedTargets", "CMakePredefinedTargets", "{6941086F-B982-3D24-A7D2-95CD0C70D5A7}"
EndProject
Project("{2150E333-8FDC-42A3-9474-1A3956D46DE8}") = "PhysX SDK", "PhysX SDK", "{C4F05BB2-4EAE-3895-98E9-DB89EDE2EBD2}"
EndProject
Project("{8BC9CEB8-8B4A-11D0-8D11-00A0C91BC942}") = "ALL_BUILD", "ALL_BUILD.vcxproj", "{05CDFB46-A3C7-3DDC-A144-46AD8589376B}"
	ProjectSection(ProjectDependencies) = postProject
		{828FDBE2-9BEC-3F30-914F-4BD13FC35FDB} = {828FDBE2-9BEC-3F30-914F-4BD13FC35FDB}
		{D1974C46-7BB9-3773-AD2E-8E242FF50486} = {D1974C46-7BB9-3773-AD2E-8E242FF50486}
		{DD6F897A-3E42-37D9-AFD9-F116C881A6C9} = {DD6F897A-3E42-37D9-AFD9-F116C881A6C9}
		{FB63A523-9225-3561-91AB-AA4CA4A0D7BB} = {FB63A523-9225-3561-91AB-AA4CA4A0D7BB}
		{6F1CAFEB-D547-3263-A13E-55205ABE6376} = {6F1CAFEB-D547-3263-A13E-55205ABE6376}
		{4B9EEBF5-F6ED-3529-998F-332E25A535F3} = {4B9EEBF5-F6ED-3529-998F-332E25A535F3}
		{8FD8A75D-C388-3BDD-A711-72F28B4A4987} = {8FD8A75D-C388-3BDD-A711-72F28B4A4987}
		{6F96FDE4-A271-3A18-81F8-96525DDEEA82} = {6F96FDE4-A271-3A18-81F8-96525DDEEA82}
		{1A074A13-F640-3F57-8A6B-75F3861A0126} = {1A074A13-F640-3F57-8A6B-75F3861A0126}
		{75DB9132-7EDB-3C6F-A1D9-B48923A31B63} = {75DB9132-7EDB-3C6F-A1D9-B48923A31B63}
		{9AD11DAE-6A51-325C-91E0-74CE67FE318A} = {9AD11DAE-6A51-325C-91E0-74CE67FE318A}
		{685782C5-D705-367B-A90B-486917457FD3} = {685782C5-D705-367B-A90B-486917457FD3}
		{4C4EE59F-999B-36BA-8587-CCA764D365FB} = {4C4EE59F-999B-36BA-8587-CCA764D365FB}
		{821D7FCD-1092-3E34-A4B5-0BE8208D6239} = {821D7FCD-1092-3E34-A4B5-0BE8208D6239}
		{6E5306CD-A4BD-3E60-AB25-BF5DCE29D904} = {6E5306CD-A4BD-3E60-AB25-BF5DCE29D904}
		{0616B291-C2EB-3BFB-BFC4-E2FBD18E14A4} = {0616B291-C2EB-3BFB-BFC4-E2FBD18E14A4}
	EndProjectSection
EndProject
Project("{8BC9CEB8-8B4A-11D0-8D11-00A0C91BC942}") = "FastXml", "FastXml.vcxproj", "{828FDBE2-9BEC-3F30-914F-4BD13FC35FDB}"
	ProjectSection(ProjectDependencies) = postProject
		{0616B291-C2EB-3BFB-BFC4-E2FBD18E14A4} = {0616B291-C2EB-3BFB-BFC4-E2FBD18E14A4}
	EndProjectSection
EndProject
Project("{8BC9CEB8-8B4A-11D0-8D11-00A0C91BC942}") = "INSTALL", "INSTALL.vcxproj", "{FF6DE05E-9A31-39A8-99F9-7B11B7BF3253}"
	ProjectSection(ProjectDependencies) = postProject
		{05CDFB46-A3C7-3DDC-A144-46AD8589376B} = {05CDFB46-A3C7-3DDC-A144-46AD8589376B}
		{0616B291-C2EB-3BFB-BFC4-E2FBD18E14A4} = {0616B291-C2EB-3BFB-BFC4-E2FBD18E14A4}
	EndProjectSection
EndProject
Project("{8BC9CEB8-8B4A-11D0-8D11-00A0C91BC942}") = "LowLevel", "LowLevel.vcxproj", "{D1974C46-7BB9-3773-AD2E-8E242FF50486}"
	ProjectSection(ProjectDependencies) = postProject
		{0616B291-C2EB-3BFB-BFC4-E2FBD18E14A4} = {0616B291-C2EB-3BFB-BFC4-E2FBD18E14A4}
	EndProjectSection
EndProject
Project("{8BC9CEB8-8B4A-11D0-8D11-00A0C91BC942}") = "LowLevelAABB", "LowLevelAABB.vcxproj", "{DD6F897A-3E42-37D9-AFD9-F116C881A6C9}"
	ProjectSection(ProjectDependencies) = postProject
		{0616B291-C2EB-3BFB-BFC4-E2FBD18E14A4} = {0616B291-C2EB-3BFB-BFC4-E2FBD18E14A4}
	EndProjectSection
EndProject
Project("{8BC9CEB8-8B4A-11D0-8D11-00A0C91BC942}") = "LowLevelDynamics", "LowLevelDynamics.vcxproj", "{FB63A523-9225-3561-91AB-AA4CA4A0D7BB}"
	ProjectSection(ProjectDependencies) = postProject
		{0616B291-C2EB-3BFB-BFC4-E2FBD18E14A4} = {0616B291-C2EB-3BFB-BFC4-E2FBD18E14A4}
	EndProjectSection
EndProject
Project("{8BC9CEB8-8B4A-11D0-8D11-00A0C91BC942}") = "PhysX", "PhysX.vcxproj", "{6F1CAFEB-D547-3263-A13E-55205ABE6376}"
	ProjectSection(ProjectDependencies) = postProject
		{D1974C46-7BB9-3773-AD2E-8E242FF50486} = {D1974C46-7BB9-3773-AD2E-8E242FF50486}
		{DD6F897A-3E42-37D9-AFD9-F116C881A6C9} = {DD6F897A-3E42-37D9-AFD9-F116C881A6C9}
		{FB63A523-9225-3561-91AB-AA4CA4A0D7BB} = {FB63A523-9225-3561-91AB-AA4CA4A0D7BB}
		{8FD8A75D-C388-3BDD-A711-72F28B4A4987} = {8FD8A75D-C388-3BDD-A711-72F28B4A4987}
		{75DB9132-7EDB-3C6F-A1D9-B48923A31B63} = {75DB9132-7EDB-3C6F-A1D9-B48923A31B63}
		{9AD11DAE-6A51-325C-91E0-74CE67FE318A} = {9AD11DAE-6A51-325C-91E0-74CE67FE318A}
		{685782C5-D705-367B-A90B-486917457FD3} = {685782C5-D705-367B-A90B-486917457FD3}
		{821D7FCD-1092-3E34-A4B5-0BE8208D6239} = {821D7FCD-1092-3E34-A4B5-0BE8208D6239}
		{6E5306CD-A4BD-3E60-AB25-BF5DCE29D904} = {6E5306CD-A4BD-3E60-AB25-BF5DCE29D904}
		{0616B291-C2EB-3BFB-BFC4-E2FBD18E14A4} = {0616B291-C2EB-3BFB-BFC4-E2FBD18E14A4}
	EndProjectSection
EndProject
Project("{8BC9CEB8-8B4A-11D0-8D11-00A0C91BC942}") = "PhysXCharacterKinematic", "PhysXCharacterKinematic.vcxproj", "{4B9EEBF5-F6ED-3529-998F-332E25A535F3}"
	ProjectSection(ProjectDependencies) = postProject
		{75DB9132-7EDB-3C6F-A1D9-B48923A31B63} = {75DB9132-7EDB-3C6F-A1D9-B48923A31B63}
		{0616B291-C2EB-3BFB-BFC4-E2FBD18E14A4} = {0616B291-C2EB-3BFB-BFC4-E2FBD18E14A4}
	EndProjectSection
EndProject
Project("{8BC9CEB8-8B4A-11D0-8D11-00A0C91BC942}") = "PhysXCommon", "PhysXCommon.vcxproj", "{8FD8A75D-C388-3BDD-A711-72F28B4A4987}"
	ProjectSection(ProjectDependencies) = postProject
		{75DB9132-7EDB-3C6F-A1D9-B48923A31B63} = {75DB9132-7EDB-3C6F-A1D9-B48923A31B63}
		{0616B291-C2EB-3BFB-BFC4-E2FBD18E14A4} = {0616B291-C2EB-3BFB-BFC4-E2FBD18E14A4}
	EndProjectSection
EndProject
Project("{8BC9CEB8-8B4A-11D0-8D11-00A0C91BC942}") = "PhysXCooking", "PhysXCooking.vcxproj", "{6F96FDE4-A271-3A18-81F8-96525DDEEA82}"
	ProjectSection(ProjectDependencies) = postProject
		{8FD8A75D-C388-3BDD-A711-72F28B4A4987} = {8FD8A75D-C388-3BDD-A711-72F28B4A4987}
		{75DB9132-7EDB-3C6F-A1D9-B48923A31B63} = {75DB9132-7EDB-3C6F-A1D9-B48923A31B63}
		{0616B291-C2EB-3BFB-BFC4-E2FBD18E14A4} = {0616B291-C2EB-3BFB-BFC4-E2FBD18E14A4}
	EndProjectSection
EndProject
Project("{8BC9CEB8-8B4A-11D0-8D11-00A0C91BC942}") = "PhysXExtensions", "PhysXExtensions.vcxproj", "{1A074A13-F640-3F57-8A6B-75F3861A0126}"
	ProjectSection(ProjectDependencies) = postProject
		{828FDBE2-9BEC-3F30-914F-4BD13FC35FDB} = {828FDBE2-9BEC-3F30-914F-4BD13FC35FDB}
		{6F1CAFEB-D547-3263-A13E-55205ABE6376} = {6F1CAFEB-D547-3263-A13E-55205ABE6376}
		{75DB9132-7EDB-3C6F-A1D9-B48923A31B63} = {75DB9132-7EDB-3C6F-A1D9-B48923A31B63}
		{9AD11DAE-6A51-325C-91E0-74CE67FE318A} = {9AD11DAE-6A51-325C-91E0-74CE67FE318A}
		{0616B291-C2EB-3BFB-BFC4-E2FBD18E14A4} = {0616B291-C2EB-3BFB-BFC4-E2FBD18E14A4}
	EndProjectSection
EndProject
Project("{8BC9CEB8-8B4A-11D0-8D11-00A0C91BC942}") = "PhysXFoundation", "PhysXFoundation.vcxproj", "{75DB9132-7EDB-3C6F-A1D9-B48923A31B63}"
	ProjectSection(ProjectDependencies) = postProject
		{0616B291-C2EB-3BFB-BFC4-E2FBD18E14A4} = {0616B291-C2EB-3BFB-BFC4-E2FBD18E14A4}
	EndProjectSection
EndProject
Project("{8BC9CEB8-8B4A-11D0-8D11-00A0C91BC942}") = "PhysXPvdSDK", "PhysXPvdSDK.vcxproj", "{9AD11DAE-6A51-325C-91E0-74CE67FE318A}"
	ProjectSection(ProjectDependencies) = postProject
		{75DB9132-7EDB-3C6F-A1D9-B48923A31B63} = {75DB9132-7EDB-3C6F-A1D9-B48923A31B63}
		{0616B291-C2EB-3BFB-BFC4-E2FBD18E14A4} = {0616B291-C2EB-3BFB-BFC4-E2FBD18E14A4}
	EndProjectSection
EndProject
Project("{8BC9CEB8-8B4A-11D0-8D11-00A0C91BC942}") = "PhysXTask", "PhysXTask.vcxproj", "{685782C5-D705-367B-A90B-486917457FD3}"
	ProjectSection(ProjectDependencies) = postProject
		{0616B291-C2EB-3BFB-BFC4-E2FBD18E14A4} = {0616B291-C2EB-3BFB-BFC4-E2FBD18E14A4}
	EndProjectSection
EndProject
Project("{8BC9CEB8-8B4A-11D0-8D11-00A0C91BC942}") = "PhysXVehicle", "PhysXVehicle.vcxproj", "{4C4EE59F-999B-36BA-8587-CCA764D365FB}"
	ProjectSection(ProjectDependencies) = postProject
		{75DB9132-7EDB-3C6F-A1D9-B48923A31B63} = {75DB9132-7EDB-3C6F-A1D9-B48923A31B63}
		{9AD11DAE-6A51-325C-91E0-74CE67FE318A} = {9AD11DAE-6A51-325C-91E0-74CE67FE318A}
		{0616B291-C2EB-3BFB-BFC4-E2FBD18E14A4} = {0616B291-C2EB-3BFB-BFC4-E2FBD18E14A4}
	EndProjectSection
EndProject
Project("{8BC9CEB8-8B4A-11D0-8D11-00A0C91BC942}") = "SceneQuery", "SceneQuery.vcxproj", "{821D7FCD-1092-3E34-A4B5-0BE8208D6239}"
	ProjectSection(ProjectDependencies) = postProject
		{0616B291-C2EB-3BFB-BFC4-E2FBD18E14A4} = {0616B291-C2EB-3BFB-BFC4-E2FBD18E14A4}
	EndProjectSection
EndProject
Project("{8BC9CEB8-8B4A-11D0-8D11-00A0C91BC942}") = "SimulationController", "SimulationController.vcxproj", "{6E5306CD-A4BD-3E60-AB25-BF5DCE29D904}"
	ProjectSection(ProjectDependencies) = postProject
		{0616B291-C2EB-3BFB-BFC4-E2FBD18E14A4} = {0616B291-C2EB-3BFB-BFC4-E2FBD18E14A4}
	EndProjectSection
EndProject
Project("{8BC9CEB8-8B4A-11D0-8D11-00A0C91BC942}") = "ZERO_CHECK", "..\\ZERO_CHECK.vcxproj", "{0616B291-C2EB-3BFB-BFC4-E2FBD18E14A4}"
	ProjectSection(ProjectDependencies) = postProject
	EndProjectSection
EndProject
Global
	GlobalSection(SolutionConfigurationPlatforms) = preSolution
		debug|Win32 = debug|Win32
		checked|Win32 = checked|Win32
		profile|Win32 = profile|Win32
		release|Win32 = release|Win32
	EndGlobalSection
	GlobalSection(ProjectConfigurationPlatforms) = postSolution
		{05CDFB46-A3C7-3DDC-A144-46AD8589376B}.debug|Win32.ActiveCfg = debug|Win32
		{05CDFB46-A3C7-3DDC-A144-46AD8589376B}.debug|Win32.Build.0 = debug|Win32
		{05CDFB46-A3C7-3DDC-A144-46AD8589376B}.checked|Win32.ActiveCfg = checked|Win32
		{05CDFB46-A3C7-3DDC-A144-46AD8589376B}.checked|Win32.Build.0 = checked|Win32
		{05CDFB46-A3C7-3DDC-A144-46AD8589376B}.profile|Win32.ActiveCfg = profile|Win32
		{05CDFB46-A3C7-3DDC-A144-46AD8589376B}.profile|Win32.Build.0 = profile|Win32
		{05CDFB46-A3C7-3DDC-A144-46AD8589376B}.release|Win32.ActiveCfg = release|Win32
		{05CDFB46-A3C7-3DDC-A144-46AD8589376B}.release|Win32.Build.0 = release|Win32
		{828FDBE2-9BEC-3F30-914F-4BD13FC35FDB}.debug|Win32.ActiveCfg = debug|Win32
		{828FDBE2-9BEC-3F30-914F-4BD13FC35FDB}.debug|Win32.Build.0 = debug|Win32
		{828FDBE2-9BEC-3F30-914F-4BD13FC35FDB}.checked|Win32.ActiveCfg = checked|Win32
		{828FDBE2-9BEC-3F30-914F-4BD13FC35FDB}.checked|Win32.Build.0 = checked|Win32
		{828FDBE2-9BEC-3F30-914F-4BD13FC35FDB}.profile|Win32.ActiveCfg = profile|Win32
		{828FDBE2-9BEC-3F30-914F-4BD13FC35FDB}.profile|Win32.Build.0 = profile|Win32
		{828FDBE2-9BEC-3F30-914F-4BD13FC35FDB}.release|Win32.ActiveCfg = release|Win32
		{828FDBE2-9BEC-3F30-914F-4BD13FC35FDB}.release|Win32.Build.0 = release|Win32
		{FF6DE05E-9A31-39A8-99F9-7B11B7BF3253}.debug|Win32.ActiveCfg = debug|Win32
		{FF6DE05E-9A31-39A8-99F9-7B11B7BF3253}.checked|Win32.ActiveCfg = checked|Win32
		{FF6DE05E-9A31-39A8-99F9-7B11B7BF3253}.profile|Win32.ActiveCfg = profile|Win32
		{FF6DE05E-9A31-39A8-99F9-7B11B7BF3253}.release|Win32.ActiveCfg = release|Win32
		{D1974C46-7BB9-3773-AD2E-8E242FF50486}.debug|Win32.ActiveCfg = debug|Win32
		{D1974C46-7BB9-3773-AD2E-8E242FF50486}.debug|Win32.Build.0 = debug|Win32
		{D1974C46-7BB9-3773-AD2E-8E242FF50486}.checked|Win32.ActiveCfg = checked|Win32
		{D1974C46-7BB9-3773-AD2E-8E242FF50486}.checked|Win32.Build.0 = checked|Win32
		{D1974C46-7BB9-3773-AD2E-8E242FF50486}.profile|Win32.ActiveCfg = profile|Win32
		{D1974C46-7BB9-3773-AD2E-8E242FF50486}.profile|Win32.Build.0 = profile|Win32
		{D1974C46-7BB9-3773-AD2E-8E242FF50486}.release|Win32.ActiveCfg = release|Win32
		{D1974C46-7BB9-3773-AD2E-8E242FF50486}.release|Win32.Build.0 = release|Win32
		{DD6F897A-3E42-37D9-AFD9-F116C881A6C9}.debug|Win32.ActiveCfg = debug|Win32
		{DD6F897A-3E42-37D9-AFD9-F116C881A6C9}.debug|Win32.Build.0 = debug|Win32
		{DD6F897A-3E42-37D9-AFD9-F116C881A6C9}.checked|Win32.ActiveCfg = checked|Win32
		{DD6F897A-3E42-37D9-AFD9-F116C881A6C9}.checked|Win32.Build.0 = checked|Win32
		{DD6F897A-3E42-37D9-AFD9-F116C881A6C9}.profile|Win32.ActiveCfg = profile|Win32
		{DD6F897A-3E42-37D9-AFD9-F116C881A6C9}.profile|Win32.Build.0 = profile|Win32
		{DD6F897A-3E42-37D9-AFD9-F116C881A6C9}.release|Win32.ActiveCfg = release|Win32
		{DD6F897A-3E42-37D9-AFD9-F116C881A6C9}.release|Win32.Build.0 = release|Win32
		{FB63A523-9225-3561-91AB-AA4CA4A0D7BB}.debug|Win32.ActiveCfg = debug|Win32
		{FB63A523-9225-3561-91AB-AA4CA4A0D7BB}.debug|Win32.Build.0 = debug|Win32
		{FB63A523-9225-3561-91AB-AA4CA4A0D7BB}.checked|Win32.ActiveCfg = checked|Win32
		{FB63A523-9225-3561-91AB-AA4CA4A0D7BB}.checked|Win32.Build.0 = checked|Win32
		{FB63A523-9225-3561-91AB-AA4CA4A0D7BB}.profile|Win32.ActiveCfg = profile|Win32
		{FB63A523-9225-3561-91AB-AA4CA4A0D7BB}.profile|Win32.Build.0 = profile|Win32
		{FB63A523-9225-3561-91AB-AA4CA4A0D7BB}.release|Win32.ActiveCfg = release|Win32
		{FB63A523-9225-3561-91AB-AA4CA4A0D7BB}.release|Win32.Build.0 = release|Win32
		{6F1CAFEB-D547-3263-A13E-55205ABE6376}.debug|Win32.ActiveCfg = debug|Win32
		{6F1CAFEB-D547-3263-A13E-55205ABE6376}.debug|Win32.Build.0 = debug|Win32
		{6F1CAFEB-D547-3263-A13E-55205ABE6376}.checked|Win32.ActiveCfg = checked|Win32
		{6F1CAFEB-D547-3263-A13E-55205ABE6376}.checked|Win32.Build.0 = checked|Win32
		{6F1CAFEB-D547-3263-A13E-55205ABE6376}.profile|Win32.ActiveCfg = profile|Win32
		{6F1CAFEB-D547-3263-A13E-55205ABE6376}.profile|Win32.Build.0 = profile|Win32
		{6F1CAFEB-D547-3263-A13E-55205ABE6376}.release|Win32.ActiveCfg = release|Win32
		{6F1CAFEB-D547-3263-A13E-55205ABE6376}.release|Win32.Build.0 = release|Win32
		{4B9EEBF5-F6ED-3529-998F-332E25A535F3}.debug|Win32.ActiveCfg = debug|Win32
		{4B9EEBF5-F6ED-3529-998F-332E25A535F3}.debug|Win32.Build.0 = debug|Win32
		{4B9EEBF5-F6ED-3529-998F-332E25A535F3}.checked|Win32.ActiveCfg = checked|Win32
		{4B9EEBF5-F6ED-3529-998F-332E25A535F3}.checked|Win32.Build.0 = checked|Win32
		{4B9EEBF5-F6ED-3529-998F-332E25A535F3}.profile|Win32.ActiveCfg = profile|Win32
		{4B9EEBF5-F6ED-3529-998F-332E25A535F3}.profile|Win32.Build.0 = profile|Win32
		{4B9EEBF5-F6ED-3529-998F-332E25A535F3}.release|Win32.ActiveCfg = release|Win32
		{4B9EEBF5-F6ED-3529-998F-332E25A535F3}.release|Win32.Build.0 = release|Win32
		{8FD8A75D-C388-3BDD-A711-72F28B4A4987}.debug|Win32.ActiveCfg = debug|Win32
		{8FD8A75D-C388-3BDD-A711-72F28B4A4987}.debug|Win32.Build.0 = debug|Win32
		{8FD8A75D-C388-3BDD-A711-72F28B4A4987}.checked|Win32.ActiveCfg = checked|Win32
		{8FD8A75D-C388-3BDD-A711-72F28B4A4987}.checked|Win32.Build.0 = checked|Win32
		{8FD8A75D-C388-3BDD-A711-72F28B4A4987}.profile|Win32.ActiveCfg = profile|Win32
		{8FD8A75D-C388-3BDD-A711-72F28B4A4987}.profile|Win32.Build.0 = profile|Win32
		{8FD8A75D-C388-3BDD-A711-72F28B4A4987}.release|Win32.ActiveCfg = release|Win32
		{8FD8A75D-C388-3BDD-A711-72F28B4A4987}.release|Win32.Build.0 = release|Win32
		{6F96FDE4-A271-3A18-81F8-96525DDEEA82}.debug|Win32.ActiveCfg = debug|Win32
		{6F96FDE4-A271-3A18-81F8-96525DDEEA82}.debug|Win32.Build.0 = debug|Win32
		{6F96FDE4-A271-3A18-81F8-96525DDEEA82}.checked|Win32.ActiveCfg = checked|Win32
		{6F96FDE4-A271-3A18-81F8-96525DDEEA82}.checked|Win32.Build.0 = checked|Win32
		{6F96FDE4-A271-3A18-81F8-96525DDEEA82}.profile|Win32.ActiveCfg = profile|Win32
		{6F96FDE4-A271-3A18-81F8-96525DDEEA82}.profile|Win32.Build.0 = profile|Win32
		{6F96FDE4-A271-3A18-81F8-96525DDEEA82}.release|Win32.ActiveCfg = release|Win32
		{6F96FDE4-A271-3A18-81F8-96525DDEEA82}.release|Win32.Build.0 = release|Win32
		{1A074A13-F640-3F57-8A6B-75F3861A0126}.debug|Win32.ActiveCfg = debug|Win32
		{1A074A13-F640-3F57-8A6B-75F3861A0126}.debug|Win32.Build.0 = debug|Win32
		{1A074A13-F640-3F57-8A6B-75F3861A0126}.checked|Win32.ActiveCfg = checked|Win32
		{1A074A13-F640-3F57-8A6B-75F3861A0126}.checked|Win32.Build.0 = checked|Win32
		{1A074A13-F640-3F57-8A6B-75F3861A0126}.profile|Win32.ActiveCfg = profile|Win32
		{1A074A13-F640-3F57-8A6B-75F3861A0126}.profile|Win32.Build.0 = profile|Win32
		{1A074A13-F640-3F57-8A6B-75F3861A0126}.release|Win32.ActiveCfg = release|Win32
		{1A074A13-F640-3F57-8A6B-75F3861A0126}.release|Win32.Build.0 = release|Win32
		{75DB9132-7EDB-3C6F-A1D9-B48923A31B63}.debug|Win32.ActiveCfg = debug|Win32
		{75DB9132-7EDB-3C6F-A1D9-B48923A31B63}.debug|Win32.Build.0 = debug|Win32
		{75DB9132-7EDB-3C6F-A1D9-B48923A31B63}.checked|Win32.ActiveCfg = checked|Win32
		{75DB9132-7EDB-3C6F-A1D9-B48923A31B63}.checked|Win32.Build.0 = checked|Win32
		{75DB9132-7EDB-3C6F-A1D9-B48923A31B63}.profile|Win32.ActiveCfg = profile|Win32
		{75DB9132-7EDB-3C6F-A1D9-B48923A31B63}.profile|Win32.Build.0 = profile|Win32
		{75DB9132-7EDB-3C6F-A1D9-B48923A31B63}.release|Win32.ActiveCfg = release|Win32
		{75DB9132-7EDB-3C6F-A1D9-B48923A31B63}.release|Win32.Build.0 = release|Win32
		{9AD11DAE-6A51-325C-91E0-74CE67FE318A}.debug|Win32.ActiveCfg = debug|Win32
		{9AD11DAE-6A51-325C-91E0-74CE67FE318A}.debug|Win32.Build.0 = debug|Win32
		{9AD11DAE-6A51-325C-91E0-74CE67FE318A}.checked|Win32.ActiveCfg = checked|Win32
		{9AD11DAE-6A51-325C-91E0-74CE67FE318A}.checked|Win32.Build.0 = checked|Win32
		{9AD11DAE-6A51-325C-91E0-74CE67FE318A}.profile|Win32.ActiveCfg = profile|Win32
		{9AD11DAE-6A51-325C-91E0-74CE67FE318A}.profile|Win32.Build.0 = profile|Win32
		{9AD11DAE-6A51-325C-91E0-74CE67FE318A}.release|Win32.ActiveCfg = release|Win32
		{9AD11DAE-6A51-325C-91E0-74CE67FE318A}.release|Win32.Build.0 = release|Win32
		{685782C5-D705-367B-A90B-486917457FD3}.debug|Win32.ActiveCfg = debug|Win32
		{685782C5-D705-367B-A90B-486917457FD3}.debug|Win32.Build.0 = debug|Win32
		{685782C5-D705-367B-A90B-486917457FD3}.checked|Win32.ActiveCfg = checked|Win32
		{685782C5-D705-367B-A90B-486917457FD3}.checked|Win32.Build.0 = checked|Win32
		{685782C5-D705-367B-A90B-486917457FD3}.profile|Win32.ActiveCfg = profile|Win32
		{685782C5-D705-367B-A90B-486917457FD3}.profile|Win32.Build.0 = profile|Win32
		{685782C5-D705-367B-A90B-486917457FD3}.release|Win32.ActiveCfg = release|Win32
		{685782C5-D705-367B-A90B-486917457FD3}.release|Win32.Build.0 = release|Win32
		{4C4EE59F-999B-36BA-8587-CCA764D365FB}.debug|Win32.ActiveCfg = debug|Win32
		{4C4EE59F-999B-36BA-8587-CCA764D365FB}.debug|Win32.Build.0 = debug|Win32
		{4C4EE59F-999B-36BA-8587-CCA764D365FB}.checked|Win32.ActiveCfg = checked|Win32
		{4C4EE59F-999B-36BA-8587-CCA764D365FB}.checked|Win32.Build.0 = checked|Win32
		{4C4EE59F-999B-36BA-8587-CCA764D365FB}.profile|Win32.ActiveCfg = profile|Win32
		{4C4EE59F-999B-36BA-8587-CCA764D365FB}.profile|Win32.Build.0 = profile|Win32
		{4C4EE59F-999B-36BA-8587-CCA764D365FB}.release|Win32.ActiveCfg = release|Win32
		{4C4EE59F-999B-36BA-8587-CCA764D365FB}.release|Win32.Build.0 = release|Win32
		{821D7FCD-1092-3E34-A4B5-0BE8208D6239}.debug|Win32.ActiveCfg = debug|Win32
		{821D7FCD-1092-3E34-A4B5-0BE8208D6239}.debug|Win32.Build.0 = debug|Win32
		{821D7FCD-1092-3E34-A4B5-0BE8208D6239}.checked|Win32.ActiveCfg = checked|Win32
		{821D7FCD-1092-3E34-A4B5-0BE8208D6239}.checked|Win32.Build.0 = checked|Win32
		{821D7FCD-1092-3E34-A4B5-0BE8208D6239}.profile|Win32.ActiveCfg = profile|Win32
		{821D7FCD-1092-3E34-A4B5-0BE8208D6239}.profile|Win32.Build.0 = profile|Win32
		{821D7FCD-1092-3E34-A4B5-0BE8208D6239}.release|Win32.ActiveCfg = release|Win32
		{821D7FCD-1092-3E34-A4B5-0BE8208D6239}.release|Win32.Build.0 = release|Win32
		{6E5306CD-A4BD-3E60-AB25-BF5DCE29D904}.debug|Win32.ActiveCfg = debug|Win32
		{6E5306CD-A4BD-3E60-AB25-BF5DCE29D904}.debug|Win32.Build.0 = debug|Win32
		{6E5306CD-A4BD-3E60-AB25-BF5DCE29D904}.checked|Win32.ActiveCfg = checked|Win32
		{6E5306CD-A4BD-3E60-AB25-BF5DCE29D904}.checked|Win32.Build.0 = checked|Win32
		{6E5306CD-A4BD-3E60-AB25-BF5DCE29D904}.profile|Win32.ActiveCfg = profile|Win32
		{6E5306CD-A4BD-3E60-AB25-BF5DCE29D904}.profile|Win32.Build.0 = profile|Win32
		{6E5306CD-A4BD-3E60-AB25-BF5DCE29D904}.release|Win32.ActiveCfg = release|Win32
		{6E5306CD-A4BD-3E60-AB25-BF5DCE29D904}.release|Win32.Build.0 = release|Win32
		{0616B291-C2EB-3BFB-BFC4-E2FBD18E14A4}.debug|Win32.ActiveCfg = debug|Win32
		{0616B291-C2EB-3BFB-BFC4-E2FBD18E14A4}.debug|Win32.Build.0 = debug|Win32
		{0616B291-C2EB-3BFB-BFC4-E2FBD18E14A4}.checked|Win32.ActiveCfg = checked|Win32
		{0616B291-C2EB-3BFB-BFC4-E2FBD18E14A4}.checked|Win32.Build.0 = checked|Win32
		{0616B291-C2EB-3BFB-BFC4-E2FBD18E14A4}.profile|Win32.ActiveCfg = profile|Win32
		{0616B291-C2EB-3BFB-BFC4-E2FBD18E14A4}.profile|Win32.Build.0 = profile|Win32
		{0616B291-C2EB-3BFB-BFC4-E2FBD18E14A4}.release|Win32.ActiveCfg = release|Win32
		{0616B291-C2EB-3BFB-BFC4-E2FBD18E14A4}.release|Win32.Build.0 = release|Win32
	EndGlobalSection
	GlobalSection(NestedProjects) = preSolution
		{05CDFB46-A3C7-3DDC-A144-46AD8589376B} = {6941086F-B982-3D24-A7D2-95CD0C70D5A7}
		{FF6DE05E-9A31-39A8-99F9-7B11B7BF3253} = {6941086F-B982-3D24-A7D2-95CD0C70D5A7}
		{0616B291-C2EB-3BFB-BFC4-E2FBD18E14A4} = {6941086F-B982-3D24-A7D2-95CD0C70D5A7}
		{828FDBE2-9BEC-3F30-914F-4BD13FC35FDB} = {C4F05BB2-4EAE-3895-98E9-DB89EDE2EBD2}
		{D1974C46-7BB9-3773-AD2E-8E242FF50486} = {C4F05BB2-4EAE-3895-98E9-DB89EDE2EBD2}
		{DD6F897A-3E42-37D9-AFD9-F116C881A6C9} = {C4F05BB2-4EAE-3895-98E9-DB89EDE2EBD2}
		{FB63A523-9225-3561-91AB-AA4CA4A0D7BB} = {C4F05BB2-4EAE-3895-98E9-DB89EDE2EBD2}
		{6F1CAFEB-D547-3263-A13E-55205ABE6376} = {C4F05BB2-4EAE-3895-98E9-DB89EDE2EBD2}
		{4B9EEBF5-F6ED-3529-998F-332E25A535F3} = {C4F05BB2-4EAE-3895-98E9-DB89EDE2EBD2}
		{8FD8A75D-C388-3BDD-A711-72F28B4A4987} = {C4F05BB2-4EAE-3895-98E9-DB89EDE2EBD2}
		{6F96FDE4-A271-3A18-81F8-96525DDEEA82} = {C4F05BB2-4EAE-3895-98E9-DB89EDE2EBD2}
		{1A074A13-F640-3F57-8A6B-75F3861A0126} = {C4F05BB2-4EAE-3895-98E9-DB89EDE2EBD2}
		{75DB9132-7EDB-3C6F-A1D9-B48923A31B63} = {C4F05BB2-4EAE-3895-98E9-DB89EDE2EBD2}
		{9AD11DAE-6A51-325C-91E0-74CE67FE318A} = {C4F05BB2-4EAE-3895-98E9-DB89EDE2EBD2}
		{685782C5-D705-367B-A90B-486917457FD3} = {C4F05BB2-4EAE-3895-98E9-DB89EDE2EBD2}
		{4C4EE59F-999B-36BA-8587-CCA764D365FB} = {C4F05BB2-4EAE-3895-98E9-DB89EDE2EBD2}
		{821D7FCD-1092-3E34-A4B5-0BE8208D6239} = {C4F05BB2-4EAE-3895-98E9-DB89EDE2EBD2}
		{6E5306CD-A4BD-3E60-AB25-BF5DCE29D904} = {C4F05BB2-4EAE-3895-98E9-DB89EDE2EBD2}
	EndGlobalSection
	GlobalSection(ExtensibilityGlobals) = postSolution
		SolutionGuid = {09B08A72-88B0-3F4E-9566-B28D6B27D60E}
	EndGlobalSection
	GlobalSection(ExtensibilityAddIns) = postSolution
	EndGlobalSection
EndGlobal
