<?xml version="1.0" encoding="utf-8"?>
<Project ToolsVersion="16.0" xmlns="http://schemas.microsoft.com/developer/msbuild/2003">
  <ItemGroup>
    <ClCompile Include="C:\GameDev\UnrealTournament\External\PhysX\physx\snippets\snippetcommon\ClassicMain.cpp">
      <Filter>Source Files</Filter>
    </ClCompile>
    <ClCompile Include="C:\GameDev\UnrealTournament\External\PhysX\physx\snippets\snippetconvexmeshcreate\SnippetConvexMeshCreate.cpp">
      <Filter>Source Files</Filter>
    </ClCompile>
  </ItemGroup>
  <ItemGroup>
    <ClInclude Include="C:\GameDev\UnrealTournament\External\PhysX\physx\snippets\snippetcommon\SnippetPrint.h">
      <Filter>Header Files</Filter>
    </ClInclude>
    <ClInclude Include="C:\GameDev\UnrealTournament\External\PhysX\physx\snippets\snippetcommon\SnippetPVD.h">
      <Filter>Header Files</Filter>
    </ClInclude>
  </ItemGroup>
  <ItemGroup>
    <CustomBuild Include="C:\GameDev\UnrealTournament\External\PhysX\physx\snippets\compiler\cmake\CMakeLists.txt" />
  </ItemGroup>
  <ItemGroup>
    <Filter Include="Header Files">
      <UniqueIdentifier>{7819699B-9C17-3755-BBA1-F327D2248B33}</UniqueIdentifier>
    </Filter>
    <Filter Include="Source Files">
      <UniqueIdentifier>{2349237F-5970-3719-908B-29BCBD0F3261}</UniqueIdentifier>
    </Filter>
  </ItemGroup>
</Project>
